version = 1
revision = 3
requires-python = "==3.14.7"

[[package]]
name = "awslambdaric"
version = "4.0.2"
source = { registry = "https://pypi.org/simple" }
dependencies = [
    { name = "simplejson" },
    { name = "snapshot-restore-py" },
]
sdist = { url = "https://files.pythonhosted.org/packages/34/b2/5334340790a87e0c2220e2a2ce3a3febe5d24c750efd4fe3dc383cf09ee3/awslambdaric-4.0.2.tar.gz", hash = "sha256:92cceacf2e37d455dd1c90a771b0b518f336971dace4cb771a5e43f9a595e867", size = 4504946, upload-time = "2026-07-30T09:06:02.158Z" }
wheels = [
    { url = "https://files.pythonhosted.org/packages/bf/f1/4ecca6725ebd95a2913734b3d09c40a156b29aceeaa0cf7b1e3ec2a501a8/awslambdaric-4.0.2-cp314-cp314-manylinux2014_aarch64.manylinux_2_17_aarch64.whl", hash = "sha256:ee64b5fb8d5829c4c176a28977dbb86d2ed566aaec5ae2dc6b158546441b2bc3", size = 353512, upload-time = "2026-07-30T09:05:56.463Z" },
    { url = "https://files.pythonhosted.org/packages/a9/7e/695942fe096fc25c1759a29a9f401d5ed77d678b72c95ea65dd422e57313/awslambdaric-4.0.2-cp314-cp314-manylinux2014_x86_64.manylinux_2_17_x86_64.whl", hash = "sha256:a87f9ab88084670dcbdd299a5fa6dd35084b734c19c45644ea1a25dc295d5005", size = 355393, upload-time = "2026-07-30T09:05:52.28Z" },
    { url = "https://files.pythonhosted.org/packages/64/8d/92bf2fbc1b90b9e82d47614371974cd2e74d673aff615e9c0b5e57da69f6/awslambdaric-4.0.2-cp314-cp314-musllinux_1_2_aarch64.whl", hash = "sha256:3a48d9e34b5842bebcf048a1faedb1f78da32b346e1313bc0462dc4efadbee7f", size = 1327640, upload-time = "2026-08-10T17:48:59.557Z" },
    { url = "https://files.pythonhosted.org/packages/82/61/9e3d86b1871e0b620c5c3c290ebbbc57542638db106e8ff20662992d844d/awslambdaric-4.0.2-cp314-cp314-musllinux_1_2_x86_64.whl", hash = "sha256:adb42b7390508f32df8471f08af0170a9349cd6c12f30e28e21954abcd8aed4c", size = 1384014, upload-time = "2026-08-10T17:57:18.969Z" },
    { url = "https://files.pythonhosted.org/packages/76/18/e14ff2cafbbf7983e768ade50e72ef9489f0751e2cc89bb6b990337a3878/awslambdaric-4.0.2-cp314-cp314t-manylinux2014_aarch64.manylinux_2_17_aarch64.whl", hash = "sha256:145f6eecd9de9984e6e25271b2ae941ca4899622dfe34bf0f26bb2fc496ba948", size = 354962, upload-time = "2026-07-30T09:05:58.001Z" },
    { url = "https://files.pythonhosted.org/packages/26/45/36102f4c72e61ecaf420d168f2d1585484393c0a628f849b572911257fe9/awslambdaric-4.0.2-cp314-cp314t-manylinux2014_x86_64.manylinux_2_17_x86_64.whl", hash = "sha256:4116de07b2828279205b255ff5d389b9440d3f807376ffcaf0492ced6cc99378", size = 356419, upload-time = "2026-07-30T09:05:54.007Z" },
    { url = "https://files.pythonhosted.org/packages/3c/e0/ad612e81d95c90dc892b65ed46dd028e6d7cab8d41919f8a3f54854ce59b/awslambdaric-4.0.2-cp314-cp314t-musllinux_1_2_aarch64.whl", hash = "sha256:1952feb5f3e7a2d5dea0a18481c1fe5363fcfde0e129b57ce3c947f738b9677e", size = 1329488, upload-time = "2026-08-10T17:49:00.929Z" },
    { url = "https://files.pythonhosted.org/packages/83/82/fbf42e741d827c7830f7b99f071e00a4a57ad862df381be296f5b1b25ef4/awslambdaric-4.0.2-cp314-cp314t-musllinux_1_2_x86_64.whl", hash = "sha256:9207703cb8b737bbfddba8c0e22586ef18ffca277ee3360543ce3f053b9ec95e", size = 1385174, upload-time = "2026-08-10T17:57:20.497Z" },
]

[[package]]
name = "boto3"
version = "1.43.109"
source = { registry = "https://pypi.org/simple" }
dependencies = [
    { name = "botocore" },
    { name = "jmespath" },
    { name = "s3transfer" },
]
sdist = { url = "https://files.pythonhosted.org/packages/2a/80/0430e16c302b0d1a4ca3c8c69ffee9e4f8f2170d56162d2761b34fd512ba/boto3-1.43.109.tar.gz", hash = "sha256:c829bc3352e1e3922d8fe1db10b697182ac411b64ce5fc3acb0a06a29837417e", size = 112661, upload-time = "2026-10-07T15:24:51.293Z" }
wheels = [
    { url = "https://files.pythonhosted.org/packages/a1/56/c83a8fdadf06f631d1a0c4d82fc8daa9e1a40f6354264fba20c186363f49/boto3-1.43.109-py3-none-any.whl", hash = "sha256:703a81baed186d31e27cf50065d25a9faeb704f009e7c56b0f002ca52a328896", size = 140044, upload-time = "2026-10-07T15:24:49.793Z" },
]

[[package]]
name = "botocore"
version = "1.43.109"
source = { registry = "https://pypi.org/simple" }
dependencies = [
    { name = "jmespath" },
    { name = "python-dateutil" },
    { name = "urllib3" },
]
sdist = { url = "https://files.pythonhosted.org/packages/3c/da/424aaef4727876f4095bd2c10e683bb8531ac3bea56b0b6efd29eeb57f91/botocore-1.43.109.tar.gz", hash = "sha256:46b15bea4d942aaea6d7ab7c4b8a3a7290305064a3b41a6cb271cde9da3ba371", size = 16301678, upload-time = "2026-10-07T15:24:46.458Z" }
wheels = [
    { url = "https://files.pythonhosted.org/packages/7c/d7/bf9e5988baf1245f3ac373e09f3204f641e7a2db170f512f236aa90961d6/botocore-1.43.109-py3-none-any.whl", hash = "sha256:cd00edff465264fb448e36acc9ee29a828f738fff3746270b3f685a19194a5a6", size = 15998671, upload-time = "2026-10-07T15:24:43.76Z" },
]

[[package]]
name = "custom-sql-lambda"
version = "0.0.0"
source = { virtual = "." }
dependencies = [
    { name = "awslambdaric" },
    { name = "boto3" },
    { name = "psycopg2" },
]

[package.metadata]
requires-dist = [
    { name = "awslambdaric", specifier = "==4.0.2" },
    { name = "boto3", specifier = "==1.43.109" },
    { name = "psycopg2", specifier = "==2.9.12" },
]

[[package]]
name = "jmespath"
version = "1.1.0"
source = { registry = "https://pypi.org/simple" }
sdist = { url = "https://files.pythonhosted.org/packages/d3/59/322338183ecda247fb5d1763a6cbe46eff7222eaeebafd9fa65d4bf5cb11/jmespath-1.1.0.tar.gz", hash = "sha256:472c87d80f36026ae83c6ddd0f1d05d4e510134ed462851fd5f754c8c3cbb88d", size = 27377, upload-time = "2026-01-22T16:35:26.279Z" }
wheels = [
    { url = "https://files.pythonhosted.org/packages/14/2f/967ba146e6d58cf6a652da73885f52fc68001525b4197effc174321d70b4/jmespath-1.1.0-py3-none-any.whl", hash = "sha256:a5663118de4908c91729bea0acadca56526eb2698e83de10cd116ae0f4e97c64", size = 20419, upload-time = "2026-01-22T16:35:24.919Z" },
]

[[package]]
name = "psycopg2"
version = "2.9.12"
source = { registry = "https://pypi.org/simple" }
sdist = { url = "https://files.pythonhosted.org/packages/c7/bc/f66df707ed1aec949fbf24e4460e4f4277a7ba23cdadb3965bb1f634ddb9/psycopg2-2.9.12.tar.gz", hash = "sha256:1dedb1c7a1d8552c4a6044c6b1c41a52e6a8e2d144af83eccac758076b1b7c15", size = 379683, upload-time = "2026-04-20T23:36:11.013Z" }
wheels = [
    { url = "https://files.pythonhosted.org/packages/73/4a/a3566f77501c21a6c2a1fc234dbe5dff74a86e3f150ef070e4ffb835e7f9/psycopg2-2.9.12-cp314-cp314-win_amd64.whl", hash = "sha256:a73d5513bfe929c56555006c7a9cc7ae6e4276aa99dd2b1e2544eb8bb54f8b23", size = 2848588, upload-time = "2026-04-20T23:33:25.983Z" },
]

[[package]]
name = "python-dateutil"
version = "2.9.0.post0"
source = { registry = "https://pypi.org/simple" }
dependencies = [
    { name = "six" },
]
sdist = { url = "https://files.pythonhosted.org/packages/66/c0/0c8b6ad9f17a802ee498c46e004a0eb49bc148f2fd230864601a86dcf6db/python-dateutil-2.9.0.post0.tar.gz", hash = "sha256:37dd54208da7e1cd875388217d5e00ebd4179249f90fb72437e91a35459a0ad3", size = 342432, upload-time = "2024-03-01T18:36:20.211Z" }
wheels = [
    { url = "https://files.pythonhosted.org/packages/ec/57/56b9bcc3c9c6a792fcbaf139543cee77261f3651ca9da0c93f5c1221264b/python_dateutil-2.9.0.post0-py2.py3-none-any.whl", hash = "sha256:a8b2bc7bffae282281c8140a97d3aa9c14da0b136dfe83f850eea9a5f7470427", size = 229892, upload-time = "2024-03-01T18:36:18.57Z" },
]

[[package]]
name = "s3transfer"
version = "0.19.2"
source = { registry = "https://pypi.org/simple" }
dependencies = [
    { name = "botocore" },
]
sdist = { url = "https://files.pythonhosted.org/packages/76/43/35e4d8aa320bffe8287fe8f65f578fa2d2db0a64212f0e710dce58267854/s3transfer-0.19.2.tar.gz", hash = "sha256:ba0309fd86be3c27dbf78cdd813c13c5e1df16e5874b99d2535ebbdfb9892993", size = 165592, upload-time = "2026-07-22T19:30:44.432Z" }
wheels = [
    { url = "https://files.pythonhosted.org/packages/bc/e7/5c595c75e9f41a44f30e526eda465ea0b4eec93470e074e4a111b253f13a/s3transfer-0.19.2-py3-none-any.whl", hash = "sha256:d8168eccca828cbb2cd573675333f3bddd254313a9c42494b84c76b539e8ba25", size = 90216, upload-time = "2026-07-22T19:30:43.251Z" },
]

[[package]]
name = "simplejson"
version = "4.2.0"
source = { registry = "https://pypi.org/simple" }
sdist = { url = "https://files.pythonhosted.org/packages/2f/f0/ea064bba6c9afda0168ddb834f1c75a93351031e25aee35c046108e7f292/simplejson-4.2.0.tar.gz", hash = "sha256:55b121b70a560f4610bd3a355ab2015aca4f39978f6a82353f24d2013fe85861", size = 123986, upload-time = "2026-10-03T03:34:23.27Z" }
wheels = [
    { url = "https://files.pythonhosted.org/packages/ba/b3/2350e8a93ed917c30999a6ac7e3ea611da60dca15d092c5dab71ddfd41cf/simplejson-4.2.0-cp314-cp314-macosx_10_15_universal2.whl", hash = "sha256:62dc3585a44d62071d5909d9e1d46ab4fbac22d68e7f37eff45ba7712a3340fc", size = 115188, upload-time = "2026-10-03T03:32:42.146Z" },
    { url = "https://files.pythonhosted.org/packages/19/29/e845956374efc3e0b80feb6222b853b19c7692c2fff35af582060b3fccf5/simplejson-4.2.0-cp314-cp314-macosx_10_15_x86_64.whl", hash = "sha256:4273a499e1a332351f13ff355f515bcd2748aea960488ef321a4cc3100d55e9e", size = 94420, upload-time = "2026-10-03T03:32:43.486Z" },
    { url = "https://files.pythonhosted.org/packages/b7/9c/4eaa0d737f75c0f7c2f75f59763fca1d977b5e1e6486e9873c8955536c3a/simplejson-4.2.0-cp314-cp314-macosx_11_0_arm64.whl", hash = "sha256:d809af70e1a3fccd1534f4c7436e872b0fab2e6b1996e0b80997091f95c7b4e7", size = 94195, upload-time = "2026-10-03T03:32:44.696Z" },
    { url = "https://files.pythonhosted.org/packages/b4/cc/d948467865fbaa4d7dd88a436bfd1dd3fe2e841560e8ad9a3c345cd14225/simplejson-4.2.0-cp314-cp314-manylinux1_x86_64.manylinux_2_28_x86_64.manylinux_2_5_x86_64.whl", hash = "sha256:eb2e1c6f9e63e8c91304d59f43f00669317f80b1aca93189ea4e9487c07e15b5", size = 193373, upload-time = "2026-10-03T03:32:45.938Z" },
    { url = "https://files.pythonhosted.org/packages/0c/ef/17c9f4a7e200b4d2497e93ffdc69964637e6d353a1ebe3daca5395b0ac8a/simplejson-4.2.0-cp314-cp314-manylinux2014_aarch64.manylinux_2_17_aarch64.manylinux_2_28_aarch64.whl", hash = "sha256:4c96c7e234f9d024ee5778651ec6285afffd06945ab184153ff8a644b8e91801", size = 189770, upload-time = "2026-10-03T03:32:47.276Z" },
    { url = "https://files.pythonhosted.org/packages/e7/d1/545d1125b4631604d68518914df8871a13c1800792fa69015d06799b27d9/simplejson-4.2.0-cp314-cp314-manylinux2014_ppc64le.manylinux_2_17_ppc64le.manylinux_2_28_ppc64le.whl", hash = "sha256:3f849a6d573e64ff84cd244d59ceec74b4d0bc97d40808e368ccb2eb0df108fa", size = 197271, upload-time = "2026-10-03T03:32:48.656Z" },
    { url = "https://files.pythonhosted.org/packages/5d/bf/beb2e4bf153c2a72dba2125e8556834330317645a2f29531c2932f90cc1e/simplejson-4.2.0-cp314-cp314-manylinux_2_31_riscv64.manylinux_2_39_riscv64.whl", hash = "sha256:2c0604d4ae07d3db22ebc59cee5fbe726393e480f3843ca548671c02e7e2ff6b", size = 180829, upload-time = "2026-10-03T03:32:49.983Z" },
    { url = "https://files.pythonhosted.org/packages/be/4e/608fe69ab34929bb0a1d3b94b083e98bd7feede125de38da15ff12c86168/simplejson-4.2.0-cp314-cp314-musllinux_1_2_aarch64.whl", hash = "sha256:cb04558febb06cad9f191822793b764d31026b4250b962287343cf2c316c45d7", size = 186050, upload-time = "2026-10-03T03:32:51.321Z" },
    { url = "https://files.pythonhosted.org/packages/cd/ee/72d4a46061486ab55d3feb704067bac278508ee03d400990e7d4e05aab1c/simplejson-4.2.0-cp314-cp314-musllinux_1_2_ppc64le.whl", hash = "sha256:667717ab49b8f45e545c919411ab84a28a2a148eea38914266089ba6f2b41843", size = 193804, upload-time = "2026-10-03T03:32:52.556Z" },
    { url = "https://files.pythonhosted.org/packages/81/74/16d3bd92d5d80faa5d39c9e346ba0885eef5040a54d5af5215500bd803f5/simplejson-4.2.0-cp314-cp314-musllinux_1_2_riscv64.whl", hash = "sha256:387a4416f170676ac5c1e074b94b5aeb795ee17f8920f2ac205c904db8fa0df7", size = 178805, upload-time = "2026-10-03T03:32:53.805Z" },
    { url = "https://files.pythonhosted.org/packages/38/49/11f7a31cef1797f751ded69eaa81a002923a53da6f60cb1ccdfdec33f533/simplejson-4.2.0-cp314-cp314-musllinux_1_2_x86_64.whl", hash = "sha256:769ee11e084e35cbe6ef344e01319d58e04ce3614df866820a26fa7c5722459e", size = 190460, upload-time = "2026-10-03T03:32:55.116Z" },
    { url = "https://files.pythonhosted.org/packages/70/cc/e24ac02339e82dbb0a9d7e4f115184c8123cbb26391667700919b8db931c/simplejson-4.2.0-cp314-cp314-pyemscripten_2026_0_wasm32.whl", hash = "sha256:2f8c760c063e39baa3303a77108e9c995dc442836aad1e3b02360b2547ab5770", size = 83897, upload-time = "2026-10-03T03:32:56.427Z" },
    { url = "https://files.pythonhosted.org/packages/10/56/a20d44329a7b27267667b93751327f260adbd9fad8ccffde98c5fa7a1b8f/simplejson-4.2.0-cp314-cp314-win32.whl", hash = "sha256:8d8064c5f6f20fcc620e7c2211679b9e5101c95926df9e8c562339d54dd52719", size = 92214, upload-time = "2026-10-03T03:32:57.649Z" },
    { url = "https://files.pythonhosted.org/packages/be/5f/57f989ce0d5f92faea964f873b283b779b85f10df112006340d368fbac3c/simplejson-4.2.0-cp314-cp314-win_amd64.whl", hash = "sha256:92bcf78b194f54faae401c5341e96c46914f8c079de478b39ca25b777c7e0000", size = 94618, upload-time = "2026-10-03T03:32:59.004Z" },
    { url = "https://files.pythonhosted.org/packages/09/e4/09433166a45243bce4ebf1dee52f0cdb722c53760eeda53062c6fb6e5413/simplejson-4.2.0-cp314-cp314t-macosx_10_15_universal2.whl", hash = "sha256:2c333a16574351a6fce61e5f3e1066fb3862f2779539ef1864c6bdaca1c23892", size = 119003, upload-time = "2026-10-03T03:33:00.182Z" },
    { url = "https://files.pythonhosted.org/packages/2c/22/73e1dbfce71dba7c711cb95a43fec85dcb4b7ca1eef875586660a568ad2e/simplejson-4.2.0-cp314-cp314t-macosx_10_15_x86_64.whl", hash = "sha256:d961b03a722d3cfaceea7b0493832c42329242810e11cffb6043388189ba2246", size = 96398, upload-time = "2026-10-03T03:33:01.49Z" },
    { url = "https://files.pythonhosted.org/packages/60/e9/f706a9ae50a70b0405054420d452cb0424df0715fce3307e0b46709a9adb/simplejson-4.2.0-cp314-cp314t-macosx_11_0_arm64.whl", hash = "sha256:33712b8aaa50c0565aee9f73b9d217480106c4e764ed345fbb98c6ce8a23fa82", size = 95997, upload-time = "2026-10-03T03:33:02.689Z" },
    { url = "https://files.pythonhosted.org/packages/12/f2/0a1a31f177b8fcb0b84c433237fc9938153316e162fed0cd5ebd1b1e3d74/simplejson-4.2.0-cp314-cp314t-manylinux1_x86_64.manylinux_2_28_x86_64.manylinux_2_5_x86_64.whl", hash = "sha256:24cab7e7a3e6893e99aa87b0f8a6b257e053a14e5c3bbe8951effd1be68d0167", size = 226406, upload-time = "2026-10-03T03:33:04.12Z" },
    { url = "https://files.pythonhosted.org/packages/35/5e/1994ab43da155501765a980d1690e53cacb62fc883691cfe49752020ca5f/simplejson-4.2.0-cp314-cp314t-manylinux2014_aarch64.manylinux_2_17_aarch64.manylinux_2_28_aarch64.whl", hash = "sha256:d35fe9edb3cca6891d303bc170164a4f9d3cb0ea528810782a7fc45a3134ab02", size = 227053, upload-time = "2026-10-03T03:33:05.709Z" },
    { url = "https://files.pythonhosted.org/packages/2e/0f/bf948d433e8d7b11679ba83637bd9c1fb881bf8d4478aa11439502ebbde6/simplejson-4.2.0-cp314-cp314t-manylinux2014_ppc64le.manylinux_2_17_ppc64le.manylinux_2_28_ppc64le.whl", hash = "sha256:412906168785c9018056ad14064d38b5703f3536fbb03f7856dad67ed20f9e4d", size = 230236, upload-time = "2026-10-03T03:33:07.107Z" },
    { url = "https://files.pythonhosted.org/packages/27/0f/ee17fb76fa9379944b451ff0b476082f6360450b5ba5368699fc9a67ba7c/simplejson-4.2.0-cp314-cp314t-manylinux_2_31_riscv64.manylinux_2_39_riscv64.whl", hash = "sha256:d7c544d3341dce6775b94ddcd85f96171f2642c7cbc496a012ee8a0ced69bac4", size = 212807, upload-time = "2026-10-03T03:33:08.57Z" },
    { url = "https://files.pythonhosted.org/packages/28/5b/765597a9f6f2fa25e76b10ab31410fdf7da08c21f1577b8ccabde575f98f/simplejson-4.2.0-cp314-cp314t-musllinux_1_2_aarch64.whl", hash = "sha256:2e7eae5ecb7ae724b2445cd888c514bba8c57ce1efb4ca70b712dd1dcdeab02a", size = 222198, upload-time = "2026-10-03T03:33:09.999Z" },
    { url = "https://files.pythonhosted.org/packages/11/ed/cec8ad7e4f1c1f942cd72d9c4af505c2ec452ddca25c4fe567bfb635e220/simplejson-4.2.0-cp314-cp314t-musllinux_1_2_ppc64le.whl", hash = "sha256:1dc33895a5ea7c57a238aa8fb7f124f87864933efbef0427615f6edb7ef9c545", size = 226615, upload-time = "2026-10-03T03:33:11.371Z" },
    { url = "https://files.pythonhosted.org/packages/b8/40/f30f5732961d5239618ae3a368981088d88d61ac84c0318d6aceaf2c4576/simplejson-4.2.0-cp314-cp314t-musllinux_1_2_riscv64.whl", hash = "sha256:131d643838efff8108f2c3cf6fbd6fc20e7f30d4cf5b07ae7f8a29a72cc6060f", size = 211119, upload-time = "2026-10-03T03:33:12.772Z" },
    { url = "https://files.pythonhosted.org/packages/6c/5c/1aa70616e4c8e74001d4e107c4ed39b79815ffffc6f5deeb3f3ec4f3efb7/simplejson-4.2.0-cp314-cp314t-musllinux_1_2_x86_64.whl", hash = "sha256:bf2a467dbe09672a444d60af59d5c2d0895296aea262a794dba9a0d414a190cd", size = 222731, upload-time = "2026-10-03T03:33:14.074Z" },
    { url = "https://files.pythonhosted.org/packages/f9/2f/e7eb1fc2f14787f2beae62bc9875515077cba0b6b302291add04f848cd1e/simplejson-4.2.0-cp314-cp314t-win32.whl", hash = "sha256:f5e049724de2f5a1e60706309629103d6797d2c2e820ed8fd82b49db6aa8e548", size = 93734, upload-time = "2026-10-03T03:33:15.453Z" },
    { url = "https://files.pythonhosted.org/packages/a2/3a/cb62fa5cea574c4c276d536d8e883b2ce04e4b0252ce2a0b71b8e542d31a/simplejson-4.2.0-cp314-cp314t-win_amd64.whl", hash = "sha256:95efb56258efeba8b5e3c502f499bfaef15e4f02bec71d2450a7f7954ac7f9ce", size = 96391, upload-time = "2026-10-03T03:33:16.835Z" },
    { url = "https://files.pythonhosted.org/packages/e9/4c/9acdf4ae4f41c09a09ad17427e5ee912f35aa56ea1d1723a9d927d659d4e/simplejson-4.2.0-py3-none-any.whl", hash = "sha256:c2a2e5f43287cbe3413f7b73b04d5a6f75c7bd93d783e628f5978853a2ef738d", size = 72826, upload-time = "2026-10-03T03:34:21.667Z" },
]

[[package]]
name = "six"
version = "1.17.0"
source = { registry = "https://pypi.org/simple" }
sdist = { url = "https://files.pythonhosted.org/packages/94/e7/b2c673351809dca68a0e064b6af791aa332cf192da575fd474ed7d6f16a2/six-1.17.0.tar.gz", hash = "sha256:ff70335d468e7eb6ec65b95b99d3a2836546063f63acc5171de367e834932a81", size = 34031, upload-time = "2024-12-04T17:35:28.174Z" }
wheels = [
    { url = "https://files.pythonhosted.org/packages/b7/ce/149a00dd41f10bc29e5921b496af8b574d8413afcd5e30dfa0ed46c2cc5e/six-1.17.0-py2.py3-none-any.whl", hash = "sha256:4721f391ed90541fddacab5acf947aa0d3dc7d27b2e1e8eda2be8970586c3274", size = 11050, upload-time = "2024-12-04T17:35:26.475Z" },
]

[[package]]
name = "snapshot-restore-py"
version = "1.0.0"
source = { registry = "https://pypi.org/simple" }
sdist = { url = "https://files.pythonhosted.org/packages/27/19/2d7584749a7f6d1b4b3a129995b1bc31e70ed9c5ecc323f1ee748b767268/snapshot-restore-py-1.0.0.tar.gz", hash = "sha256:4d27f82fb6f09968f422501e9c3c2dea48a46cd19dc798eb7d6cbc57523c8004", size = 3379, upload-time = "2024-11-13T14:40:22.477Z" }
wheels = [
    { url = "https://files.pythonhosted.org/packages/10/b8/f9da2457e9dfb5872042202d69b329940527672e20cbfdb26610c09e1d8e/snapshot_restore_py-1.0.0-py3-none-any.whl", hash = "sha256:38f99e696793790f54658e71c68c7a8a40cea877c81232b5052383b1301aceba", size = 3782, upload-time = "2024-11-13T14:40:21.33Z" },
]

[[package]]
name = "urllib3"
version = "2.8.0"
source = { registry = "https://pypi.org/simple" }
sdist = { url = "https://files.pythonhosted.org/packages/e3/05/b17359e1cefb4f909b5e40b1b90a496d987258916dbbf88e842c729f510e/urllib3-2.8.0.tar.gz", hash = "sha256:63bf2ead4c879426ebf22ef2a781eeb4aa3b4ae798a0435506f8687fd5bb9b63", size = 458972, upload-time = "2026-09-15T19:29:36.253Z" }
wheels = [
    { url = "https://files.pythonhosted.org/packages/92/9d/c4e665119135114480843e7ab388fa94d8480650450e6f8e26b70d323a4c/urllib3-2.8.0-py3-none-any.whl", hash = "sha256:0cf3cae568d36aa9576b28dfb35f11328f1cb974ca7647d9475ebb86c75ac6e3", size = 135717, upload-time = "2026-09-15T19:29:34.577Z" },
]
