version = 1
revision = 3
requires-python = "==3.14.7"

[[package]]
name = "awslambdaric"
version = "4.0.0"
source = { registry = "https://pypi.org/simple" }
dependencies = [
    { name = "simplejson" },
    { name = "snapshot-restore-py" },
]
sdist = { url = "https://files.pythonhosted.org/packages/98/cf/0493b0098ce2b1bcf30aaee72dcac43cd778e9cb45fe26626be5a75d8b91/awslambdaric-4.0.0.tar.gz", hash = "sha256:779d0721e60239233aec572fe336d147d1c3c4e405f7e56be7548b4dfececb35", size = 4502786, upload-time = "2026-02-20T16:00:19.615Z" }
wheels = [
    { url = "https://files.pythonhosted.org/packages/9f/c8/48a1d0bf86d5ac5e2cfb577b549a8bb9156a87e83e1ba84f38f8b1c6021e/awslambdaric-4.0.0-cp314-cp314-manylinux2014_aarch64.manylinux_2_17_aarch64.whl", hash = "sha256:55070856326c805b8d1aff6957cb8357f280bafac13c0bc6efdb4be65d251a58", size = 345653, upload-time = "2026-02-20T16:00:13.682Z" },
    { url = "https://files.pythonhosted.org/packages/4c/85/706cbd24866149ed8fe2aab6b12201e2ec0c198b4a7584435e844a234a7b/awslambdaric-4.0.0-cp314-cp314-manylinux2014_x86_64.manylinux_2_17_x86_64.whl", hash = "sha256:64c161247f3c6957a271d8be46d85742eaab9804d76c235afc61de7942bc801e", size = 348232, upload-time = "2026-02-20T16:01:10.738Z" },
    { url = "https://files.pythonhosted.org/packages/67/0d/882c91a2e13655b86fd3ae955887a0464c83e8d579fced1c6b1c36f39f93/awslambdaric-4.0.0-cp314-cp314t-manylinux2014_aarch64.manylinux_2_17_aarch64.whl", hash = "sha256:ae135112ae2b29b1beaee9289383ec15f3286cd0fee6047414362da3bece0faf", size = 347350, upload-time = "2026-02-20T16:00:15.336Z" },
    { url = "https://files.pythonhosted.org/packages/91/6a/0a99b7912e458f2bfcbc312053c2fe3c08600a77d6f1e12f25869663c62b/awslambdaric-4.0.0-cp314-cp314t-manylinux2014_x86_64.manylinux_2_17_x86_64.whl", hash = "sha256:0fcfd06b622f08316386ca23bfae7aa85189343a77548ca9124124a4e0625f20", size = 349622, upload-time = "2026-02-20T16:01:12.415Z" },
]

[[package]]
name = "boto3"
version = "1.43.89"
source = { registry = "https://pypi.org/simple" }
dependencies = [
    { name = "botocore" },
    { name = "jmespath" },
    { name = "s3transfer" },
]
sdist = { url = "https://files.pythonhosted.org/packages/50/26/48b3da85526a72a02df55e564481fc348e93699c15f0f502681b12ac2c8a/boto3-1.43.89.tar.gz", hash = "sha256:c28abbe472e9b7cad08807356311aeec51bde5218c18489da827045d2267bfd9", size = 112702, upload-time = "2026-09-04T19:24:57.143Z" }
wheels = [
    { url = "https://files.pythonhosted.org/packages/cd/12/e1b5cb4a00a9bfd72cf2d3f982c5826757aacdfc90aa4bd61902dcc94856/boto3-1.43.89-py3-none-any.whl", hash = "sha256:fe4190afe63eb562b6ba6a3911cf4427473b35fa047adde093bf696d3ae09fc0", size = 140028, upload-time = "2026-09-04T19:24:55.929Z" },
]

[[package]]
name = "botocore"
version = "1.43.89"
source = { registry = "https://pypi.org/simple" }
dependencies = [
    { name = "jmespath" },
    { name = "python-dateutil" },
    { name = "urllib3" },
]
sdist = { url = "https://files.pythonhosted.org/packages/53/06/f63fb1befdf77af18539fb24ea01f2da0f13965ed5de091061708ac96416/botocore-1.43.89.tar.gz", hash = "sha256:f0574942970742657b0e0716cf08c2dfe6bef8e6de5fbb7081c3424e262b4cca", size = 16074206, upload-time = "2026-09-04T19:24:52.464Z" }
wheels = [
    { url = "https://files.pythonhosted.org/packages/9e/9d/96f9dee6d12eedf1c2b4264eefd59c7ac8cac10daadb9a7bfccc9ee881c6/botocore-1.43.89-py3-none-any.whl", hash = "sha256:d7211220c815427fe71225acc6909e4ab5dfab3b03770e72fd16cf9eb86b3d1a", size = 15768272, upload-time = "2026-09-04T19:24:49.769Z" },
]

[[package]]
name = "custom-sql-lambda"
version = "0.0.0"
source = { virtual = "." }
dependencies = [
    { name = "awslambdaric" },
    { name = "boto3" },
    { name = "psycopg2" },
]

[package.metadata]
requires-dist = [
    { name = "awslambdaric", specifier = "==4.0.0" },
    { name = "boto3", specifier = "==1.43.89" },
    { name = "psycopg2", specifier = "==2.9.11" },
]

[[package]]
name = "jmespath"
version = "1.1.0"
source = { registry = "https://pypi.org/simple" }
sdist = { url = "https://files.pythonhosted.org/packages/d3/59/322338183ecda247fb5d1763a6cbe46eff7222eaeebafd9fa65d4bf5cb11/jmespath-1.1.0.tar.gz", hash = "sha256:472c87d80f36026ae83c6ddd0f1d05d4e510134ed462851fd5f754c8c3cbb88d", size = 27377, upload-time = "2026-01-22T16:35:26.279Z" }
wheels = [
    { url = "https://files.pythonhosted.org/packages/14/2f/967ba146e6d58cf6a652da73885f52fc68001525b4197effc174321d70b4/jmespath-1.1.0-py3-none-any.whl", hash = "sha256:a5663118de4908c91729bea0acadca56526eb2698e83de10cd116ae0f4e97c64", size = 20419, upload-time = "2026-01-22T16:35:24.919Z" },
]

[[package]]
name = "psycopg2"
version = "2.9.11"
source = { registry = "https://pypi.org/simple" }
sdist = { url = "https://files.pythonhosted.org/packages/89/8d/9d12bc8677c24dad342ec777529bce705b3e785fa05d85122b5502b9ab55/psycopg2-2.9.11.tar.gz", hash = "sha256:964d31caf728e217c697ff77ea69c2ba0865fa41ec20bb00f0977e62fdcc52e3", size = 379598, upload-time = "2025-10-10T11:14:46.075Z" }
wheels = [
    { url = "https://files.pythonhosted.org/packages/47/08/737aa39c78d705a7ce58248d00eeba0e9fc36be488f9b672b88736fbb1f7/psycopg2-2.9.11-cp314-cp314-win_amd64.whl", hash = "sha256:f10a48acba5fe6e312b891f290b4d2ca595fc9a06850fe53320beac353575578", size = 2803738, upload-time = "2025-10-10T11:10:23.196Z" },
]

[[package]]
name = "python-dateutil"
version = "2.9.0.post0"
source = { registry = "https://pypi.org/simple" }
dependencies = [
    { name = "six" },
]
sdist = { url = "https://files.pythonhosted.org/packages/66/c0/0c8b6ad9f17a802ee498c46e004a0eb49bc148f2fd230864601a86dcf6db/python-dateutil-2.9.0.post0.tar.gz", hash = "sha256:37dd54208da7e1cd875388217d5e00ebd4179249f90fb72437e91a35459a0ad3", size = 342432, upload-time = "2024-03-01T18:36:20.211Z" }
wheels = [
    { url = "https://files.pythonhosted.org/packages/ec/57/56b9bcc3c9c6a792fcbaf139543cee77261f3651ca9da0c93f5c1221264b/python_dateutil-2.9.0.post0-py2.py3-none-any.whl", hash = "sha256:a8b2bc7bffae282281c8140a97d3aa9c14da0b136dfe83f850eea9a5f7470427", size = 229892, upload-time = "2024-03-01T18:36:18.57Z" },
]

[[package]]
name = "s3transfer"
version = "0.19.2"
source = { registry = "https://pypi.org/simple" }
dependencies = [
    { name = "botocore" },
]
sdist = { url = "https://files.pythonhosted.org/packages/76/43/35e4d8aa320bffe8287fe8f65f578fa2d2db0a64212f0e710dce58267854/s3transfer-0.19.2.tar.gz", hash = "sha256:ba0309fd86be3c27dbf78cdd813c13c5e1df16e5874b99d2535ebbdfb9892993", size = 165592, upload-time = "2026-07-22T19:30:44.432Z" }
wheels = [
    { url = "https://files.pythonhosted.org/packages/bc/e7/5c595c75e9f41a44f30e526eda465ea0b4eec93470e074e4a111b253f13a/s3transfer-0.19.2-py3-none-any.whl", hash = "sha256:d8168eccca828cbb2cd573675333f3bddd254313a9c42494b84c76b539e8ba25", size = 90216, upload-time = "2026-07-22T19:30:43.251Z" },
]

[[package]]
name = "simplejson"
version = "4.1.2"
source = { registry = "https://pypi.org/simple" }
sdist = { url = "https://files.pythonhosted.org/packages/f1/e3/1cc7dbf4deebc16e9dc42db37f473b5b612d021eb10e69974be308425171/simplejson-4.1.2.tar.gz", hash = "sha256:6ae4186f90362e9c03c80a1cd5062a20f3a11ac9d391f7ee0ef0701a0e2b7394", size = 121591, upload-time = "2026-08-27T00:38:27.527Z" }
wheels = [
    { url = "https://files.pythonhosted.org/packages/0a/a0/3a0934c2b465cb8bbd6fad7e9ca32cfd70f1a0ffd204e0e5db9704fa1fbb/simplejson-4.1.2-cp314-cp314-macosx_10_15_universal2.whl", hash = "sha256:d999597ff19143130d2e52f363e5e7791703a87be3df9219fbec6eb54958d4d1", size = 112905, upload-time = "2026-08-27T00:37:28.074Z" },
    { url = "https://files.pythonhosted.org/packages/05/ac/a9f131ae07efa8fd7b17961bdcdd5b6a00b0b49480cf66e379fe06459614/simplejson-4.1.2-cp314-cp314-macosx_10_15_x86_64.whl", hash = "sha256:37c0293cd6b04ab0e2c2bb8bcbe5c3c7c2cd3bd487bbd95c043237a7db4d4e9c", size = 92397, upload-time = "2026-08-27T00:37:29.471Z" },
    { url = "https://files.pythonhosted.org/packages/4c/0b/05e95a9a673adeeece7d368fd7ff305cfa00599d482a9ba23667af73ddf1/simplejson-4.1.2-cp314-cp314-macosx_11_0_arm64.whl", hash = "sha256:a48a827277963a557ad844c845fa8992356d1afd6edba76cd32fe056cbf8df2b", size = 92231, upload-time = "2026-08-27T00:37:30.619Z" },
    { url = "https://files.pythonhosted.org/packages/8b/95/2eddb2053b9ca497bbd07c663e54bb6e13747b1ff6c3f3c79a86b19ddd6d/simplejson-4.1.2-cp314-cp314-manylinux1_x86_64.manylinux_2_28_x86_64.manylinux_2_5_x86_64.whl", hash = "sha256:d350798258029864b27bca50b4ce7ee138faf8f07be21d2192b7088da9c38074", size = 188580, upload-time = "2026-08-27T00:37:31.841Z" },
    { url = "https://files.pythonhosted.org/packages/2a/98/43eb3ed7edbb07afcb861fc24dfcfc52b0e83373236420dd59ba1dc9aacf/simplejson-4.1.2-cp314-cp314-manylinux2014_aarch64.manylinux_2_17_aarch64.manylinux_2_28_aarch64.whl", hash = "sha256:4c0bd55cc396b7dc1df43b19a9df8d85684fd84dc196fad674c1f4c4887279d0", size = 185310, upload-time = "2026-08-27T00:37:33.171Z" },
    { url = "https://files.pythonhosted.org/packages/98/0b/2f60218ce135fad65dafd9998272c7fd029eb7195645c439395027a872a5/simplejson-4.1.2-cp314-cp314-manylinux2014_ppc64le.manylinux_2_17_ppc64le.manylinux_2_28_ppc64le.whl", hash = "sha256:205e28d0506e72cedf5b8bad4a946779db236d1fe4d43f2481a3361737ed573b", size = 193465, upload-time = "2026-08-27T00:37:34.49Z" },
    { url = "https://files.pythonhosted.org/packages/73/5d/8270e305880188acbe83324c7f8d9a913cdfeec180bef845948113c96496/simplejson-4.1.2-cp314-cp314-musllinux_1_2_aarch64.whl", hash = "sha256:87dd15ed478dc1dea9e5ee3e564bd49ff9f9ecab854a1ae896d66b8667387b28", size = 181501, upload-time = "2026-08-27T00:37:35.696Z" },
    { url = "https://files.pythonhosted.org/packages/2a/87/dd6b9713ddd91fbdf6f78cf87fe6ff11c3216d01795db6206ee77fb86a9a/simplejson-4.1.2-cp314-cp314-musllinux_1_2_ppc64le.whl", hash = "sha256:c8135ff667bd1c131964795196e2428a9db4befeb074133b314847675d6ca367", size = 189435, upload-time = "2026-08-27T00:37:36.924Z" },
    { url = "https://files.pythonhosted.org/packages/d5/b9/1ece5f5ea9c72eaf98ec06c3f73971c868971b4f8d0d266758e7d95dc95b/simplejson-4.1.2-cp314-cp314-musllinux_1_2_x86_64.whl", hash = "sha256:7273dd5d56430549d5bea9176923891f765ddcc421a1a05c74c6ff5397edaa38", size = 185760, upload-time = "2026-08-27T00:37:38.205Z" },
    { url = "https://files.pythonhosted.org/packages/99/70/9519355cebd5916aabd8d1397a626c9c2e97f47edc4827d3b0859d9903dc/simplejson-4.1.2-cp314-cp314-win32.whl", hash = "sha256:432cc50cc23ce980ec60d3cbf8f35383653fec9b4c952e24cded2f638a48f48e", size = 90304, upload-time = "2026-08-27T00:37:39.432Z" },
    { url = "https://files.pythonhosted.org/packages/d0/81/4ed61f6cfa01e8d43ca242d04a6155091a7f19566f095715ed38a2dcfb80/simplejson-4.1.2-cp314-cp314-win_amd64.whl", hash = "sha256:a52db90cc4175bf7aaa36bf7b8c1ff92403349d2d999794ad3f75b175c627ff1", size = 92616, upload-time = "2026-08-27T00:37:40.607Z" },
    { url = "https://files.pythonhosted.org/packages/6b/f1/15e52fe9168510d78315439ad5d0f737e8c9f920cad251c989acac4ef263/simplejson-4.1.2-cp314-cp314t-macosx_10_15_universal2.whl", hash = "sha256:92e85afa383ac2f6a80ac0d9dc6ccf9e92bc19d24451c41d290e83bab5534ccb", size = 116460, upload-time = "2026-08-27T00:37:42.916Z" },
    { url = "https://files.pythonhosted.org/packages/3c/b3/1bec2de25e21864d9920bf00427f965da74052e84088b924c12c92a1b1b6/simplejson-4.1.2-cp314-cp314t-macosx_10_15_x86_64.whl", hash = "sha256:2081a5f1a1e2645d4b2db48e49b54862f60bc31387e71549c1d4679caacaf694", size = 94213, upload-time = "2026-08-27T00:37:44.193Z" },
    { url = "https://files.pythonhosted.org/packages/3f/fe/f82ff72f373f3cd9078819525940fefb35b36b0f4581e602a78952c84531/simplejson-4.1.2-cp314-cp314t-macosx_11_0_arm64.whl", hash = "sha256:fcc4c6b0ba1f0515cbab539b5b7c1b38f3671999b390f8056cd71ac05895d901", size = 93920, upload-time = "2026-08-27T00:37:45.409Z" },
    { url = "https://files.pythonhosted.org/packages/53/cd/292be366a353aa16c7e77a2b37b83bfa24e4bbca9fbf9914475375eaf2b1/simplejson-4.1.2-cp314-cp314t-manylinux1_x86_64.manylinux_2_28_x86_64.manylinux_2_5_x86_64.whl", hash = "sha256:119733522f1f5d50a4262820ec587753a368cce0231aae02b958bb47e705bc13", size = 218654, upload-time = "2026-08-27T00:37:46.659Z" },
    { url = "https://files.pythonhosted.org/packages/d3/4b/419a05e7aa24650a28c572a421ae71e3a40f5e10375efa2ce96db80cb358/simplejson-4.1.2-cp314-cp314t-manylinux2014_aarch64.manylinux_2_17_aarch64.manylinux_2_28_aarch64.whl", hash = "sha256:15ffd144c44be1f5ba2a9bc5641ea7af925b75e240adffb79ced67f35f58b4dd", size = 219738, upload-time = "2026-08-27T00:37:48.011Z" },
    { url = "https://files.pythonhosted.org/packages/4c/d8/6ca3a747348465a80c1dcf50f8265477806981253677331a2b217b414f36/simplejson-4.1.2-cp314-cp314t-manylinux2014_ppc64le.manylinux_2_17_ppc64le.manylinux_2_28_ppc64le.whl", hash = "sha256:4134f1afadf815295d5d38f50f2b64e1758ce053b552526b44f74c5a34bf9bab", size = 223936, upload-time = "2026-08-27T00:37:49.273Z" },
    { url = "https://files.pythonhosted.org/packages/5f/cb/5498d477c0131abf29349102c372307119c1b111d7992a8c899f8de03899/simplejson-4.1.2-cp314-cp314t-musllinux_1_2_aarch64.whl", hash = "sha256:601184707588eec8e04e16c534be5a4794aeac9a5163600e077c85c255a1f9b3", size = 214779, upload-time = "2026-08-27T00:37:50.63Z" },
    { url = "https://files.pythonhosted.org/packages/33/ab/f39ffeb873375d3a733e886ca7c3e03131721e3e814edcd020cdfd339ef6/simplejson-4.1.2-cp314-cp314t-musllinux_1_2_ppc64le.whl", hash = "sha256:3a2f883839314597ace1f48fda2e8f4bf1018674d3842823f54b027690b15e41", size = 219880, upload-time = "2026-08-27T00:37:51.934Z" },
    { url = "https://files.pythonhosted.org/packages/c2/cf/01e88370229d92f1e8b2bc660cb53b3c3b5068fe76768021a331c9f276f7/simplejson-4.1.2-cp314-cp314t-musllinux_1_2_x86_64.whl", hash = "sha256:d284ea3976a73054151e7906fc1b4fff25d589970532b6209ed7aeda9079747b", size = 215009, upload-time = "2026-08-27T00:37:53.217Z" },
    { url = "https://files.pythonhosted.org/packages/fc/53/016a4132161e1ac0b75385c1f61dbd96c0dff57ad2bb09e6e1653cfd7513/simplejson-4.1.2-cp314-cp314t-win32.whl", hash = "sha256:14a6a1fd97aeb7ebc54773bd0d195b480e946b9a915ebd163671744a387abee6", size = 91670, upload-time = "2026-08-27T00:37:54.503Z" },
    { url = "https://files.pythonhosted.org/packages/da/b2/6911f3b7d82f641b7050190cc64dbae6dcc1148bb02f7212b26f6119f0c2/simplejson-4.1.2-cp314-cp314t-win_amd64.whl", hash = "sha256:e933a481b825bac33fb274de49e1574f805f48442198e06b1f2c3b4cbde40350", size = 94267, upload-time = "2026-08-27T00:37:55.836Z" },
    { url = "https://files.pythonhosted.org/packages/95/e2/7f47df8fbd3d9c35902b76c242e21759a27d6e8c030c901c4f0ad93dd10b/simplejson-4.1.2-py3-none-any.whl", hash = "sha256:93f95f6769f37f4c3763666950b23bf9b9230b60bf1d718845e92db2ebcbf32d", size = 71116, upload-time = "2026-08-27T00:38:26.256Z" },
]

[[package]]
name = "six"
version = "1.17.0"
source = { registry = "https://pypi.org/simple" }
sdist = { url = "https://files.pythonhosted.org/packages/94/e7/b2c673351809dca68a0e064b6af791aa332cf192da575fd474ed7d6f16a2/six-1.17.0.tar.gz", hash = "sha256:ff70335d468e7eb6ec65b95b99d3a2836546063f63acc5171de367e834932a81", size = 34031, upload-time = "2024-12-04T17:35:28.174Z" }
wheels = [
    { url = "https://files.pythonhosted.org/packages/b7/ce/149a00dd41f10bc29e5921b496af8b574d8413afcd5e30dfa0ed46c2cc5e/six-1.17.0-py2.py3-none-any.whl", hash = "sha256:4721f391ed90541fddacab5acf947aa0d3dc7d27b2e1e8eda2be8970586c3274", size = 11050, upload-time = "2024-12-04T17:35:26.475Z" },
]

[[package]]
name = "snapshot-restore-py"
version = "1.0.0"
source = { registry = "https://pypi.org/simple" }
sdist = { url = "https://files.pythonhosted.org/packages/27/19/2d7584749a7f6d1b4b3a129995b1bc31e70ed9c5ecc323f1ee748b767268/snapshot-restore-py-1.0.0.tar.gz", hash = "sha256:4d27f82fb6f09968f422501e9c3c2dea48a46cd19dc798eb7d6cbc57523c8004", size = 3379, upload-time = "2024-11-13T14:40:22.477Z" }
wheels = [
    { url = "https://files.pythonhosted.org/packages/10/b8/f9da2457e9dfb5872042202d69b329940527672e20cbfdb26610c09e1d8e/snapshot_restore_py-1.0.0-py3-none-any.whl", hash = "sha256:38f99e696793790f54658e71c68c7a8a40cea877c81232b5052383b1301aceba", size = 3782, upload-time = "2024-11-13T14:40:21.33Z" },
]

[[package]]
name = "urllib3"
version = "2.7.0"
source = { registry = "https://pypi.org/simple" }
sdist = { url = "https://files.pythonhosted.org/packages/53/0c/06f8b233b8fd13b9e5ee11424ef85419ba0d8ba0b3138bf360be2ff56953/urllib3-2.7.0.tar.gz", hash = "sha256:231e0ec3b63ceb14667c67be60f2f2c40a518cb38b03af60abc813da26505f4c", size = 433602, upload-time = "2026-05-07T16:13:18.596Z" }
wheels = [
    { url = "https://files.pythonhosted.org/packages/7f/3e/5db95bcf282c52709639744ca2a8b149baccf648e39c8cc87553df9eae0c/urllib3-2.7.0-py3-none-any.whl", hash = "sha256:9fb4c81ebbb1ce9531cce37674bbc6f1360472bc18ca9a553ede278ef7276897", size = 131087, upload-time = "2026-05-07T16:13:17.151Z" },
]
