version = 1
revision = 3
requires-python = "==3.14.7"

[[package]]
name = "github-actions-audit"
version = "0.0.0"
source = { virtual = "." }
dependencies = [
    { name = "zizmor" },
]

[package.metadata]
requires-dist = [{ name = "zizmor", specifier = "==1.30.0" }]

[[package]]
name = "zizmor"
version = "1.30.0"
source = { registry = "https://pypi.org/simple" }
sdist = { url = "https://files.pythonhosted.org/packages/05/78/e32b0b913535def3e050cd0c4202aff11f10deb53e9844f42af37aa267e3/zizmor-1.30.0.tar.gz", hash = "sha256:9a17ac3bb043afbbd9d3c8b6f309fa5b319c6a32e3259fbaf050f6fcd3d0a9cd", size = 575489, upload-time = "2026-08-30T21:26:06.325Z" }
wheels = [
    { url = "https://files.pythonhosted.org/packages/2e/d2/a6eb24a670ce7466c0d6b2ca9e9673aa403f07786af7e5d7e593dace4e40/zizmor-1.30.0-py3-none-macosx_10_12_x86_64.whl", hash = "sha256:51c96204572b9f96b940806a371a9c57c8cff30cf93d3bd73c2febe483f942df", size = 9108421, upload-time = "2026-08-30T21:25:40.257Z" },
    { url = "https://files.pythonhosted.org/packages/1f/3c/0b7fa1cf59784f743874a76db860a192bc319ff575f74277fa37e0a81d24/zizmor-1.30.0-py3-none-macosx_11_0_arm64.whl", hash = "sha256:e4193537785dd07177227e4695871ffae1d7fe3f6043c217498445e71b477bc1", size = 8716981, upload-time = "2026-08-30T21:25:43.173Z" },
    { url = "https://files.pythonhosted.org/packages/82/b6/019b9af74ae9c9472e4804801c61f18b5394392142b0c6c2b4651161d21a/zizmor-1.30.0-py3-none-manylinux_2_24_aarch64.whl", hash = "sha256:7569a58319fb270c14a64663a6565929035f26f6f6d13059314f796e988129eb", size = 8969733, upload-time = "2026-08-30T21:25:45.482Z" },
    { url = "https://files.pythonhosted.org/packages/84/2d/a2f8d3d78d56fdaa5da4fc71e86dfed50006a197ff30b2363e759a1c4b92/zizmor-1.30.0-py3-none-manylinux_2_28_armv7l.whl", hash = "sha256:0e69a86290dff4c41b51c381a27029b5dc2b748c0510a9a333b18f862ea1bc68", size = 8601613, upload-time = "2026-08-30T21:25:47.963Z" },
    { url = "https://files.pythonhosted.org/packages/7c/79/ac655d04c89356b40a4f8166ede50ba207cfc0ea1410f99544e9d55a111b/zizmor-1.30.0-py3-none-manylinux_2_28_x86_64.whl", hash = "sha256:9c08a7c34b33ed6f9a3a3d28fcf8c64e3e078c53c51bc9ce05c32ec3ba7feae9", size = 9441765, upload-time = "2026-08-30T21:25:50.635Z" },
    { url = "https://files.pythonhosted.org/packages/e3/52/c88a4a492b21e7f5891140a48d97fc92b389ddce899d80ce12d7a60e278b/zizmor-1.30.0-py3-none-musllinux_1_2_aarch64.whl", hash = "sha256:baa02978518248bf9f011e6ceca7b7c5efb5b893810cd4954e01785e1b68f959", size = 9000409, upload-time = "2026-08-30T21:25:53.164Z" },
    { url = "https://files.pythonhosted.org/packages/d4/b9/649a07ff353d84362779bd747c945e5af23c54e94e4633751e3fa6b88099/zizmor-1.30.0-py3-none-musllinux_1_2_armv7l.whl", hash = "sha256:0148b61f6315ad363ae748f838e8ed81e1cfb3ade6bbe480e7516e4fba630b82", size = 8570313, upload-time = "2026-08-30T21:25:55.926Z" },
    { url = "https://files.pythonhosted.org/packages/97/84/ef925827d7d7d6baba31194bf9712d74df37a0e4ac361b8dbdbb2d4a9597/zizmor-1.30.0-py3-none-musllinux_1_2_x86_64.whl", hash = "sha256:1f15ed62ff34ad7875427384b03a2f72995d9ab8ddcb50dc141b25763de3aaa2", size = 9502173, upload-time = "2026-08-30T21:25:58.86Z" },
    { url = "https://files.pythonhosted.org/packages/0e/f5/e5296d51f494de21f5da44b3d7bf270d1aae7fdf92b240e871cd2e975717/zizmor-1.30.0-py3-none-win32.whl", hash = "sha256:39f15155db3e4af9bb5cf125a236c67fd84ddd3174f60b4111b27c691b337e00", size = 7763311, upload-time = "2026-08-30T21:26:01.313Z" },
    { url = "https://files.pythonhosted.org/packages/8c/b9/95d0cc6d169a43ad0c2a33c1395c0e5cde265880fa62e5d26a3b502a003c/zizmor-1.30.0-py3-none-win_amd64.whl", hash = "sha256:ca321b5b1cb85d08ac0c3c86275bfd5a6b5564c176437e3b41e10bd1e4463296", size = 8888408, upload-time = "2026-08-30T21:26:04.103Z" },
]
