version = 1
revision = 3
requires-python = "==3.13.15"

[[package]]
name = "brotli"
version = "1.2.0"
source = { registry = "https://pypi.org/simple" }
sdist = { url = "https://files.pythonhosted.org/packages/f7/16/c92ca344d646e71a43b8bb353f0a6490d7f6e06210f8554c8f874e454285/brotli-1.2.0.tar.gz", hash = "sha256:e310f77e41941c13340a95976fe66a8a95b01e783d430eeaf7a2f87e0a57dd0a", size = 7388632, upload-time = "2025-11-05T18:39:42.86Z" }
wheels = [
    { url = "https://files.pythonhosted.org/packages/6c/d4/4ad5432ac98c73096159d9ce7ffeb82d151c2ac84adcc6168e476bb54674/brotli-1.2.0-cp313-cp313-macosx_10_13_universal2.whl", hash = "sha256:9e5825ba2c9998375530504578fd4d5d1059d09621a02065d1b6bfc41a8e05ab", size = 861523, upload-time = "2025-11-05T18:38:34.67Z" },
    { url = "https://files.pythonhosted.org/packages/91/9f/9cc5bd03ee68a85dc4bc89114f7067c056a3c14b3d95f171918c088bf88d/brotli-1.2.0-cp313-cp313-macosx_10_13_x86_64.whl", hash = "sha256:0cf8c3b8ba93d496b2fae778039e2f5ecc7cff99df84df337ca31d8f2252896c", size = 444289, upload-time = "2025-11-05T18:38:35.6Z" },
    { url = "https://files.pythonhosted.org/packages/2e/b6/fe84227c56a865d16a6614e2c4722864b380cb14b13f3e6bef441e73a85a/brotli-1.2.0-cp313-cp313-manylinux2014_aarch64.manylinux_2_17_aarch64.manylinux_2_28_aarch64.whl", hash = "sha256:c8565e3cdc1808b1a34714b553b262c5de5fbda202285782173ec137fd13709f", size = 1528076, upload-time = "2025-11-05T18:38:36.639Z" },
    { url = "https://files.pythonhosted.org/packages/55/de/de4ae0aaca06c790371cf6e7ee93a024f6b4bb0568727da8c3de112e726c/brotli-1.2.0-cp313-cp313-manylinux2014_ppc64le.manylinux_2_17_ppc64le.manylinux_2_28_ppc64le.whl", hash = "sha256:26e8d3ecb0ee458a9804f47f21b74845cc823fd1bb19f02272be70774f56e2a6", size = 1626880, upload-time = "2025-11-05T18:38:37.623Z" },
    { url = "https://files.pythonhosted.org/packages/5f/16/a1b22cbea436642e071adcaf8d4b350a2ad02f5e0ad0da879a1be16188a0/brotli-1.2.0-cp313-cp313-manylinux2014_x86_64.manylinux_2_17_x86_64.whl", hash = "sha256:67a91c5187e1eec76a61625c77a6c8c785650f5b576ca732bd33ef58b0dff49c", size = 1419737, upload-time = "2025-11-05T18:38:38.729Z" },
    { url = "https://files.pythonhosted.org/packages/46/63/c968a97cbb3bdbf7f974ef5a6ab467a2879b82afbc5ffb65b8acbb744f95/brotli-1.2.0-cp313-cp313-musllinux_1_2_aarch64.whl", hash = "sha256:4ecdb3b6dc36e6d6e14d3a1bdc6c1057c8cbf80db04031d566eb6080ce283a48", size = 1484440, upload-time = "2025-11-05T18:38:39.916Z" },
    { url = "https://files.pythonhosted.org/packages/06/9d/102c67ea5c9fc171f423e8399e585dabea29b5bc79b05572891e70013cdd/brotli-1.2.0-cp313-cp313-musllinux_1_2_ppc64le.whl", hash = "sha256:3e1b35d56856f3ed326b140d3c6d9db91740f22e14b06e840fe4bb1923439a18", size = 1593313, upload-time = "2025-11-05T18:38:41.24Z" },
    { url = "https://files.pythonhosted.org/packages/9e/4a/9526d14fa6b87bc827ba1755a8440e214ff90de03095cacd78a64abe2b7d/brotli-1.2.0-cp313-cp313-musllinux_1_2_x86_64.whl", hash = "sha256:54a50a9dad16b32136b2241ddea9e4df159b41247b2ce6aac0b3276a66a8f1e5", size = 1487945, upload-time = "2025-11-05T18:38:42.277Z" },
    { url = "https://files.pythonhosted.org/packages/5b/e8/3fe1ffed70cbef83c5236166acaed7bb9c766509b157854c80e2f766b38c/brotli-1.2.0-cp313-cp313-win32.whl", hash = "sha256:1b1d6a4efedd53671c793be6dd760fcf2107da3a52331ad9ea429edf0902f27a", size = 334368, upload-time = "2025-11-05T18:38:43.345Z" },
    { url = "https://files.pythonhosted.org/packages/ff/91/e739587be970a113b37b821eae8097aac5a48e5f0eca438c22e4c7dd8648/brotli-1.2.0-cp313-cp313-win_amd64.whl", hash = "sha256:b63daa43d82f0cdabf98dee215b375b4058cce72871fd07934f179885aad16e8", size = 369116, upload-time = "2025-11-05T18:38:44.609Z" },
]

[[package]]
name = "brotlicffi"
version = "1.2.0.2"
source = { registry = "https://pypi.org/simple" }
dependencies = [
    { name = "cffi" },
]
sdist = { url = "https://files.pythonhosted.org/packages/71/97/7845739a36828ffe751a1c6b240692f552fd7ecf65026c51326c0a4aa369/brotlicffi-1.2.0.2.tar.gz", hash = "sha256:5e0fbd13644cf1f6015e75fa5e0ad8fdce1048d9c9ff90b0ce826174b249ee35", size = 478755, upload-time = "2026-08-21T17:29:18.415Z" }
wheels = [
    { url = "https://files.pythonhosted.org/packages/2e/71/c27f24b8334f65f2492601c7764338f156cb904d2ffe0061e6004a76d9cc/brotlicffi-1.2.0.2-cp39-abi3-macosx_11_0_arm64.whl", hash = "sha256:d5a8ffa154f16660ab818d78045b55fa6f9970f1ca4c38998766e99c672071cb", size = 438885, upload-time = "2026-08-21T17:29:04.113Z" },
    { url = "https://files.pythonhosted.org/packages/ef/22/d8fd1a4d09b7ab563b89380395e09151d2ef1344be31594df6a6987d4028/brotlicffi-1.2.0.2-cp39-abi3-manylinux2014_aarch64.manylinux_2_17_aarch64.manylinux_2_28_aarch64.whl", hash = "sha256:ec6b1af7b7a8ce788354f2c603651ada0fba166ec31ab879e2eec462a3e6dbf4", size = 1534365, upload-time = "2026-08-21T17:29:05.878Z" },
    { url = "https://files.pythonhosted.org/packages/06/78/076419ed6c2c6aa3eaac6fd6b076502b4be89d50625fcdc513cd4aeca718/brotlicffi-1.2.0.2-cp39-abi3-manylinux2014_x86_64.manylinux_2_17_x86_64.manylinux_2_28_x86_64.whl", hash = "sha256:22916101de0e7ff535f2edf54b52a85591853b8ae9a98737643defdd3c063a3a", size = 1536851, upload-time = "2026-08-21T17:29:07.599Z" },
    { url = "https://files.pythonhosted.org/packages/35/dd/31ae9945cbd605339fb51c9a609f7dbb182cd361adeabc1d470142357206/brotlicffi-1.2.0.2-cp39-abi3-win32.whl", hash = "sha256:df1d34c4ad9adbf7f63a6b42f7d0e4dfd259c88141b85145b57abecc1abc3b24", size = 342379, upload-time = "2026-08-21T17:29:09.05Z" },
    { url = "https://files.pythonhosted.org/packages/95/ae/afd54e744df93b51cc29f6a19beccf9998b25743d7177697390de10479d1/brotlicffi-1.2.0.2-cp39-abi3-win_amd64.whl", hash = "sha256:489ca4da3ee65926d72bf01584b61088a9da6bdd1bb01b2040901e1beaffa8f0", size = 379761, upload-time = "2026-08-21T17:29:10.687Z" },
]

[[package]]
name = "cffi"
version = "2.1.1"
source = { registry = "https://pypi.org/simple" }
dependencies = [
    { name = "pycparser", marker = "implementation_name != 'PyPy'" },
]
sdist = { url = "https://files.pythonhosted.org/packages/9e/ef/008a1939e372c06329a3fce4279c02f328488f3526744906eeec3da7ad5f/cffi-2.1.1.tar.gz", hash = "sha256:dd31f52ea1086513bb9df30f8fcee9b8918323ae067a3d5b78bc826a000712be", size = 530807, upload-time = "2026-08-03T21:21:18.939Z" }
wheels = [
    { url = "https://files.pythonhosted.org/packages/9d/f4/035513d4117049066b4779dc3b7c0c0fdad175fa13731c9f4003f1cd1478/cffi-2.1.1-cp313-cp313-ios_13_0_arm64_iphoneos.whl", hash = "sha256:b5bdfd1c873d4e093aabc0ca84c4ca6dbc4f752afb5c86f146d9742580c9da2e", size = 194248, upload-time = "2026-08-03T21:19:59.399Z" },
    { url = "https://files.pythonhosted.org/packages/76/af/2aeb4dbb5fc41a04161ae9ff1518de7cec08e164f44a8ce6a4cf7fd2cd1d/cffi-2.1.1-cp313-cp313-ios_13_0_arm64_iphonesimulator.whl", hash = "sha256:31348097ff5bbe827ccc41795d4dd099d9f0625e7def00ee653c137a490c2a6c", size = 196908, upload-time = "2026-08-03T21:20:00.746Z" },
    { url = "https://files.pythonhosted.org/packages/a7/46/2e5fdde8555706dd98139a910ca11be02809f3f605ce956f655d0214e100/cffi-2.1.1-cp313-cp313-macosx_10_15_x86_64.whl", hash = "sha256:9d2055050ea716bd38b7f7f1579c275386646b4894c155a3e2f3cd62ed41b7c6", size = 184805, upload-time = "2026-08-03T21:20:02.02Z" },
    { url = "https://files.pythonhosted.org/packages/55/41/4c7042f317b9217502988f0873af87e16ad606dc20f84e546e3e6ce9764c/cffi-2.1.1-cp313-cp313-macosx_11_0_arm64.whl", hash = "sha256:19ee6127ee34de7d83ce3d371ebc5ed91addbdcc39f9ab15ce4eb35a4e534971", size = 184764, upload-time = "2026-08-03T21:20:03.141Z" },
    { url = "https://files.pythonhosted.org/packages/43/1f/1c3d90d91811c8f86ced9ed637956c54bfe5b79ca98fe976d7f8c8979f6b/cffi-2.1.1-cp313-cp313-manylinux1_i686.manylinux2014_i686.manylinux_2_17_i686.manylinux_2_5_i686.whl", hash = "sha256:6a8dddef476fab96d066d578fc88526767b836ab5ab21754e1d5bf3879c31c7c", size = 214722, upload-time = "2026-08-03T21:20:04.377Z" },
    { url = "https://files.pythonhosted.org/packages/37/6f/3b5ce4c3b2192d250f04908f2bfd91ef34552ec8f7716a5d4abdb8d67bb2/cffi-2.1.1-cp313-cp313-manylinux2014_aarch64.manylinux_2_17_aarch64.whl", hash = "sha256:f16c709686a78c727bbbf059f92b0bf41c6fc60deec706d2dc19f529175a6125", size = 222369, upload-time = "2026-08-03T21:20:05.544Z" },
    { url = "https://files.pythonhosted.org/packages/02/10/4b3c75dde3d9663c9e02ba05c2668b954f671d4bbe346413ca8c696b295a/cffi-2.1.1-cp313-cp313-manylinux2014_ppc64le.manylinux_2_17_ppc64le.whl", hash = "sha256:fcd22650c908d7b7da162bbfaab594a1227a15d1643a98c68b122ac642fa2264", size = 210175, upload-time = "2026-08-03T21:20:06.75Z" },
    { url = "https://files.pythonhosted.org/packages/df/62/14f74b9543e605d17701dc797b815958b8bb70b7624ce1b832ddad48ed6c/cffi-2.1.1-cp313-cp313-manylinux2014_s390x.manylinux_2_17_s390x.whl", hash = "sha256:aa9511c62d14da7aacc9b4bf51f3f697a621e83b2d6919008243c3aad168eea3", size = 208670, upload-time = "2026-08-03T21:20:08.04Z" },
    { url = "https://files.pythonhosted.org/packages/95/95/86342356ff5953b3fb06f7ef7c5bee212d45e770abc7218d451b9148313c/cffi-2.1.1-cp313-cp313-manylinux2014_x86_64.manylinux_2_17_x86_64.whl", hash = "sha256:a931079504ecc49efed7744c476a5c343a92fabf66dec2db95edb1b2fdc770e2", size = 221824, upload-time = "2026-08-03T21:20:09.274Z" },
    { url = "https://files.pythonhosted.org/packages/eb/ff/7b3429ff53aafe931ed8a5fc69f481bbef7ba6de87ddcbb63d08f483f613/cffi-2.1.1-cp313-cp313-musllinux_1_2_aarch64.whl", hash = "sha256:a2d7755bef5a12ed488f4ef1f1b69ee9191d7396083b755a5d2295f6edb4768b", size = 225148, upload-time = "2026-08-03T21:20:10.7Z" },
    { url = "https://files.pythonhosted.org/packages/34/34/a95870b9221e09cf4f2ce3178b1a210abdfe63a1bd357da940418d7b8d15/cffi-2.1.1-cp313-cp313-musllinux_1_2_x86_64.whl", hash = "sha256:e0bcb7e0f677f543555d2adff3bf19c05f66cdb4796e5ff602442ab2fe3c4ef7", size = 223564, upload-time = "2026-08-03T21:20:12.165Z" },
    { url = "https://files.pythonhosted.org/packages/70/ea/839b50531021a647fb5e929f72cf97bc1ff702b5472166164b5b6e76b851/cffi-2.1.1-cp313-cp313-win32.whl", hash = "sha256:334644fbac4eff73d985a17a91226df55d0f394160c4cfb880e084c8f7161cac", size = 175263, upload-time = "2026-08-03T21:20:13.559Z" },
    { url = "https://files.pythonhosted.org/packages/60/a6/8b149b2c3f2e11aaa1618ef64500b45f50f22c57a977a4dff1aff1f91042/cffi-2.1.1-cp313-cp313-win_amd64.whl", hash = "sha256:1aa5645c30469b09530c4ebca77ebf8f17618293c58f8549cb1a543a50236e7d", size = 185688, upload-time = "2026-08-03T21:20:14.69Z" },
    { url = "https://files.pythonhosted.org/packages/01/9a/11f687cb39d6a3504060d5242f04f48c735afb4d3d533958a20594890cb2/cffi-2.1.1-cp313-cp313-win_arm64.whl", hash = "sha256:63bbfd5ded17c4840ac07cd8f1c21ba9d9708141f840b324f422f41b207e3973", size = 180078, upload-time = "2026-08-03T21:20:15.917Z" },
]

[[package]]
name = "coloredlogs"
version = "15.0.1"
source = { registry = "https://pypi.org/simple" }
dependencies = [
    { name = "humanfriendly" },
]
sdist = { url = "https://files.pythonhosted.org/packages/cc/c7/eed8f27100517e8c0e6b923d5f0845d0cb99763da6fdee00478f91db7325/coloredlogs-15.0.1.tar.gz", hash = "sha256:7c991aa71a4577af2f82600d8f8f3a89f936baeaf9b50a9c197da014e5bf16b0", size = 278520, upload-time = "2021-06-11T10:22:45.202Z" }
wheels = [
    { url = "https://files.pythonhosted.org/packages/a7/06/3d6badcf13db419e25b07041d9c7b4a2c331d3f4e7134445ec5df57714cd/coloredlogs-15.0.1-py2.py3-none-any.whl", hash = "sha256:612ee75c546f53e92e70049c9dbfcc18c935a2b9a53b66085ce9ef6a6e5c0934", size = 46018, upload-time = "2021-06-11T10:22:42.561Z" },
]

[[package]]
name = "cssselect2"
version = "0.10.1"
source = { registry = "https://pypi.org/simple" }
dependencies = [
    { name = "tinycss2" },
    { name = "webencodings" },
]
sdist = { url = "https://files.pythonhosted.org/packages/06/00/2456b6b664c7a770989cbe3c352aac4eb962c938486f03a2e1255ae963c6/cssselect2-0.10.1.tar.gz", hash = "sha256:83b0d820ef589dabaf693289b647c2f5b410f76d285f56deba911ffa75a7b9d1", size = 35653, upload-time = "2026-08-31T21:57:42.59Z" }
wheels = [
    { url = "https://files.pythonhosted.org/packages/bd/59/6b1daa3b94de8970e2a2787ba73616c2d0675d2f948ef4cad8bef7f21bc6/cssselect2-0.10.1-py3-none-any.whl", hash = "sha256:25cc4494d55985d6a6da359be48da6ce98c28dcbafa2314c383ace3fc32ec868", size = 15489, upload-time = "2026-08-31T21:57:41.162Z" },
]

[[package]]
name = "executor"
version = "23.2"
source = { registry = "https://pypi.org/simple" }
dependencies = [
    { name = "coloredlogs" },
    { name = "fasteners" },
    { name = "humanfriendly" },
    { name = "property-manager" },
    { name = "six" },
]
sdist = { url = "https://files.pythonhosted.org/packages/a8/9f/923471eb969c614c7225dc9ac53a01af337d227530ba151693b9a2a51e92/executor-23.2.tar.gz", hash = "sha256:e1c6c18ceca9e64f3f9e691bc5271806037c9a96c01e683ce46c03494af6033d", size = 91961, upload-time = "2020-11-19T12:56:00.844Z" }
wheels = [
    { url = "https://files.pythonhosted.org/packages/cf/1b/cad3a5e33cba6982fd5df15c0ac531caed56b167c3981bd4e3625024edac/executor-23.2-py2.py3-none-any.whl", hash = "sha256:f2ea8cf92a1570a9898d5915b9620033aa9d4789eaf27e8a915d91dc8ba83dd9", size = 85788, upload-time = "2020-11-19T12:55:59.064Z" },
]

[[package]]
name = "fasteners"
version = "0.20"
source = { registry = "https://pypi.org/simple" }
sdist = { url = "https://files.pythonhosted.org/packages/2d/18/7881a99ba5244bfc82f06017316ffe93217dbbbcfa52b887caa1d4f2a6d3/fasteners-0.20.tar.gz", hash = "sha256:55dce8792a41b56f727ba6e123fcaee77fd87e638a6863cec00007bfea84c8d8", size = 25087, upload-time = "2025-08-11T10:19:37.785Z" }
wheels = [
    { url = "https://files.pythonhosted.org/packages/51/ac/e5d886f892666d2d1e5cb8c1a41146e1d79ae8896477b1153a21711d3b44/fasteners-0.20-py3-none-any.whl", hash = "sha256:9422c40d1e350e4259f509fb2e608d6bc43c0136f79a00db1b49046029d0b3b7", size = 18702, upload-time = "2025-08-11T10:19:35.716Z" },
]

[[package]]
name = "fonttools"
version = "4.64.0"
source = { registry = "https://pypi.org/simple" }
sdist = { url = "https://files.pythonhosted.org/packages/d4/41/0f072a712dc74496e03710e462a18a4cfd8a258ad055a4e22d28b43a7abd/fonttools-4.64.0.tar.gz", hash = "sha256:ecb2e59a7bc692fee64dda6010deb66222335693b30046f15cccf81233aa715f", size = 3664266, upload-time = "2026-08-31T15:44:33.685Z" }
wheels = [
    { url = "https://files.pythonhosted.org/packages/44/7b/49b0054a79b9ed918c018e70e09b56eb5678ee8b44e59e126c79de4d8d73/fonttools-4.64.0-cp313-cp313-macosx_10_13_universal2.whl", hash = "sha256:9443eefff58aad558608f352092e1be6d278980e8c3b4e8621fcbfda97818500", size = 3092750, upload-time = "2026-08-31T15:43:02.705Z" },
    { url = "https://files.pythonhosted.org/packages/83/e2/08e73bd2f6e6248f071d3e9debe4c2b4cecda3a7dc057c56b44e255421c3/fonttools-4.64.0-cp313-cp313-macosx_10_13_x86_64.whl", hash = "sha256:09657817b75575822bcd6098ef0ebf0386f34430839ee53109e70fd40a7f6539", size = 2583001, upload-time = "2026-08-31T15:43:04.923Z" },
    { url = "https://files.pythonhosted.org/packages/2f/58/6dc0ff0963fc1e12f53bac59175617ec5927342ee7a4ffb871b44d56d81b/fonttools-4.64.0-cp313-cp313-manylinux2014_aarch64.manylinux_2_17_aarch64.manylinux_2_28_aarch64.whl", hash = "sha256:7d7995b906666037d7114c20a5566a372902747452af7d5bd4cd6bca8f1a2550", size = 5392765, upload-time = "2026-08-31T15:43:07.096Z" },
    { url = "https://files.pythonhosted.org/packages/7a/dd/4d3911049680da7b3aecf97cb5094e3a05554f5d94829358fc7664640456/fonttools-4.64.0-cp313-cp313-manylinux2014_x86_64.manylinux_2_17_x86_64.whl", hash = "sha256:2c42237b7e8c6813643e57d3efed3be094d4c06339dc2166b626e2cc5c12ee93", size = 5373969, upload-time = "2026-08-31T15:43:09.617Z" },
    { url = "https://files.pythonhosted.org/packages/48/0a/a2cf94121fd3ca9166bdb4863f71d6db32a5606b223c81e2ba99832a0612/fonttools-4.64.0-cp313-cp313-musllinux_1_2_aarch64.whl", hash = "sha256:498f02ea92c9ca18c0f9c581ea93184a9d56c25b0af14189b0767adaf34235d8", size = 5333854, upload-time = "2026-08-31T15:43:11.985Z" },
    { url = "https://files.pythonhosted.org/packages/44/e2/632f4a8b94e6d7eea41e6d82f0ed337f64f5fb96f9910e2ac6b1689910e2/fonttools-4.64.0-cp313-cp313-musllinux_1_2_x86_64.whl", hash = "sha256:8252f20108e557532f91d7d6dd9af87c16ed6fa930f65516aa480fa2cfed3363", size = 5492828, upload-time = "2026-08-31T15:43:14.288Z" },
    { url = "https://files.pythonhosted.org/packages/ff/25/7fee1978fdedc1a2d978b76dddbea88785416f5774e7222327b867712d71/fonttools-4.64.0-cp313-cp313-win32.whl", hash = "sha256:45e3ecc3888f1637094fd75cd8fc727f3a4b06d1ddf89181126c071e244fd2a5", size = 2429011, upload-time = "2026-08-31T15:43:16.463Z" },
    { url = "https://files.pythonhosted.org/packages/dd/ed/bb1c217c9e1fbfa59f42b266af57df937a703882a73e59a309773752228f/fonttools-4.64.0-cp313-cp313-win_amd64.whl", hash = "sha256:e4812f71c39d77ec5041348dafa400532adf7bf8f1fffa9aa6495fce5876d7b8", size = 2480199, upload-time = "2026-08-31T15:43:18.774Z" },
    { url = "https://files.pythonhosted.org/packages/82/f8/7188153c4b265c899cd035de6a062677d51f67118a4ba640902bd9683e90/fonttools-4.64.0-py3-none-any.whl", hash = "sha256:4a05783ff54ce4c7a28f18e5772efdf63c219374bd9ffc55452182e1cef8be60", size = 1195327, upload-time = "2026-08-31T15:44:31.741Z" },
]

[package.optional-dependencies]
woff = [
    { name = "brotli", marker = "platform_python_implementation == 'CPython'" },
    { name = "brotlicffi", marker = "platform_python_implementation != 'CPython'" },
    { name = "zopfli" },
]

[[package]]
name = "gunicorn"
version = "23.0.0"
source = { registry = "https://pypi.org/simple" }
dependencies = [
    { name = "packaging" },
]
sdist = { url = "https://files.pythonhosted.org/packages/34/72/9614c465dc206155d93eff0ca20d42e1e35afc533971379482de953521a4/gunicorn-23.0.0.tar.gz", hash = "sha256:f014447a0101dc57e294f6c18ca6b40227a4c90e9bdb586042628030cba004ec", size = 375031, upload-time = "2024-08-10T20:25:27.378Z" }
wheels = [
    { url = "https://files.pythonhosted.org/packages/cb/7d/6dac2a6e1eba33ee43f318edbed4ff29151a49b5d37f080aad1e6469bca4/gunicorn-23.0.0-py3-none-any.whl", hash = "sha256:ec400d38950de4dfd418cff8328b2c8faed0edb0d517d3394e457c317908ca4d", size = 85029, upload-time = "2024-08-10T20:25:24.996Z" },
]

[[package]]
name = "htmltopdf"
version = "0.0.0"
source = { virtual = "." }
dependencies = [
    { name = "executor" },
    { name = "gunicorn" },
    { name = "weasyprint" },
    { name = "werkzeug" },
]

[package.metadata]
requires-dist = [
    { name = "executor", specifier = "==23.2" },
    { name = "gunicorn", specifier = "==23.0.0" },
    { name = "weasyprint", specifier = "==70.0" },
    { name = "werkzeug", specifier = "==3.1.8" },
]

[[package]]
name = "humanfriendly"
version = "10.0"
source = { registry = "https://pypi.org/simple" }
dependencies = [
    { name = "pyreadline3", marker = "sys_platform == 'win32'" },
]
sdist = { url = "https://files.pythonhosted.org/packages/cc/3f/2c29224acb2e2df4d2046e4c73ee2662023c58ff5b113c4c1adac0886c43/humanfriendly-10.0.tar.gz", hash = "sha256:6b0b831ce8f15f7300721aa49829fc4e83921a9a301cc7f606be6686a2288ddc", size = 360702, upload-time = "2021-09-17T21:40:43.31Z" }
wheels = [
    { url = "https://files.pythonhosted.org/packages/f0/0f/310fb31e39e2d734ccaa2c0fb981ee41f7bd5056ce9bc29b2248bd569169/humanfriendly-10.0-py2.py3-none-any.whl", hash = "sha256:1697e1a8a8f550fd43c2865cd84542fc175a61dcb779b6fee18cf6b6ccba1477", size = 86794, upload-time = "2021-09-17T21:40:39.897Z" },
]

[[package]]
name = "markupsafe"
version = "3.0.3"
source = { registry = "https://pypi.org/simple" }
sdist = { url = "https://files.pythonhosted.org/packages/7e/99/7690b6d4034fffd95959cbe0c02de8deb3098cc577c67bb6a24fe5d7caa7/markupsafe-3.0.3.tar.gz", hash = "sha256:722695808f4b6457b320fdc131280796bdceb04ab50fe1795cd540799ebe1698", size = 80313, upload-time = "2025-09-27T18:37:40.426Z" }
wheels = [
    { url = "https://files.pythonhosted.org/packages/38/2f/907b9c7bbba283e68f20259574b13d005c121a0fa4c175f9bed27c4597ff/markupsafe-3.0.3-cp313-cp313-macosx_10_13_x86_64.whl", hash = "sha256:e1cf1972137e83c5d4c136c43ced9ac51d0e124706ee1c8aa8532c1287fa8795", size = 11622, upload-time = "2025-09-27T18:36:41.777Z" },
    { url = "https://files.pythonhosted.org/packages/9c/d9/5f7756922cdd676869eca1c4e3c0cd0df60ed30199ffd775e319089cb3ed/markupsafe-3.0.3-cp313-cp313-macosx_11_0_arm64.whl", hash = "sha256:116bb52f642a37c115f517494ea5feb03889e04df47eeff5b130b1808ce7c219", size = 12029, upload-time = "2025-09-27T18:36:43.257Z" },
    { url = "https://files.pythonhosted.org/packages/00/07/575a68c754943058c78f30db02ee03a64b3c638586fba6a6dd56830b30a3/markupsafe-3.0.3-cp313-cp313-manylinux2014_aarch64.manylinux_2_17_aarch64.manylinux_2_28_aarch64.whl", hash = "sha256:133a43e73a802c5562be9bbcd03d090aa5a1fe899db609c29e8c8d815c5f6de6", size = 24374, upload-time = "2025-09-27T18:36:44.508Z" },
    { url = "https://files.pythonhosted.org/packages/a9/21/9b05698b46f218fc0e118e1f8168395c65c8a2c750ae2bab54fc4bd4e0e8/markupsafe-3.0.3-cp313-cp313-manylinux2014_x86_64.manylinux_2_17_x86_64.manylinux_2_28_x86_64.whl", hash = "sha256:ccfcd093f13f0f0b7fdd0f198b90053bf7b2f02a3927a30e63f3ccc9df56b676", size = 22980, upload-time = "2025-09-27T18:36:45.385Z" },
    { url = "https://files.pythonhosted.org/packages/7f/71/544260864f893f18b6827315b988c146b559391e6e7e8f7252839b1b846a/markupsafe-3.0.3-cp313-cp313-manylinux_2_31_riscv64.manylinux_2_39_riscv64.whl", hash = "sha256:509fa21c6deb7a7a273d629cf5ec029bc209d1a51178615ddf718f5918992ab9", size = 21990, upload-time = "2025-09-27T18:36:46.916Z" },
    { url = "https://files.pythonhosted.org/packages/c2/28/b50fc2f74d1ad761af2f5dcce7492648b983d00a65b8c0e0cb457c82ebbe/markupsafe-3.0.3-cp313-cp313-musllinux_1_2_aarch64.whl", hash = "sha256:a4afe79fb3de0b7097d81da19090f4df4f8d3a2b3adaa8764138aac2e44f3af1", size = 23784, upload-time = "2025-09-27T18:36:47.884Z" },
    { url = "https://files.pythonhosted.org/packages/ed/76/104b2aa106a208da8b17a2fb72e033a5a9d7073c68f7e508b94916ed47a9/markupsafe-3.0.3-cp313-cp313-musllinux_1_2_riscv64.whl", hash = "sha256:795e7751525cae078558e679d646ae45574b47ed6e7771863fcc079a6171a0fc", size = 21588, upload-time = "2025-09-27T18:36:48.82Z" },
    { url = "https://files.pythonhosted.org/packages/b5/99/16a5eb2d140087ebd97180d95249b00a03aa87e29cc224056274f2e45fd6/markupsafe-3.0.3-cp313-cp313-musllinux_1_2_x86_64.whl", hash = "sha256:8485f406a96febb5140bfeca44a73e3ce5116b2501ac54fe953e488fb1d03b12", size = 23041, upload-time = "2025-09-27T18:36:49.797Z" },
    { url = "https://files.pythonhosted.org/packages/19/bc/e7140ed90c5d61d77cea142eed9f9c303f4c4806f60a1044c13e3f1471d0/markupsafe-3.0.3-cp313-cp313-win32.whl", hash = "sha256:bdd37121970bfd8be76c5fb069c7751683bdf373db1ed6c010162b2a130248ed", size = 14543, upload-time = "2025-09-27T18:36:51.584Z" },
    { url = "https://files.pythonhosted.org/packages/05/73/c4abe620b841b6b791f2edc248f556900667a5a1cf023a6646967ae98335/markupsafe-3.0.3-cp313-cp313-win_amd64.whl", hash = "sha256:9a1abfdc021a164803f4d485104931fb8f8c1efd55bc6b748d2f5774e78b62c5", size = 15113, upload-time = "2025-09-27T18:36:52.537Z" },
    { url = "https://files.pythonhosted.org/packages/f0/3a/fa34a0f7cfef23cf9500d68cb7c32dd64ffd58a12b09225fb03dd37d5b80/markupsafe-3.0.3-cp313-cp313-win_arm64.whl", hash = "sha256:7e68f88e5b8799aa49c85cd116c932a1ac15caaa3f5db09087854d218359e485", size = 13911, upload-time = "2025-09-27T18:36:53.513Z" },
    { url = "https://files.pythonhosted.org/packages/e4/d7/e05cd7efe43a88a17a37b3ae96e79a19e846f3f456fe79c57ca61356ef01/markupsafe-3.0.3-cp313-cp313t-macosx_10_13_x86_64.whl", hash = "sha256:218551f6df4868a8d527e3062d0fb968682fe92054e89978594c28e642c43a73", size = 11658, upload-time = "2025-09-27T18:36:54.819Z" },
    { url = "https://files.pythonhosted.org/packages/99/9e/e412117548182ce2148bdeacdda3bb494260c0b0184360fe0d56389b523b/markupsafe-3.0.3-cp313-cp313t-macosx_11_0_arm64.whl", hash = "sha256:3524b778fe5cfb3452a09d31e7b5adefeea8c5be1d43c4f810ba09f2ceb29d37", size = 12066, upload-time = "2025-09-27T18:36:55.714Z" },
    { url = "https://files.pythonhosted.org/packages/bc/e6/fa0ffcda717ef64a5108eaa7b4f5ed28d56122c9a6d70ab8b72f9f715c80/markupsafe-3.0.3-cp313-cp313t-manylinux2014_aarch64.manylinux_2_17_aarch64.manylinux_2_28_aarch64.whl", hash = "sha256:4e885a3d1efa2eadc93c894a21770e4bc67899e3543680313b09f139e149ab19", size = 25639, upload-time = "2025-09-27T18:36:56.908Z" },
    { url = "https://files.pythonhosted.org/packages/96/ec/2102e881fe9d25fc16cb4b25d5f5cde50970967ffa5dddafdb771237062d/markupsafe-3.0.3-cp313-cp313t-manylinux2014_x86_64.manylinux_2_17_x86_64.manylinux_2_28_x86_64.whl", hash = "sha256:8709b08f4a89aa7586de0aadc8da56180242ee0ada3999749b183aa23df95025", size = 23569, upload-time = "2025-09-27T18:36:57.913Z" },
    { url = "https://files.pythonhosted.org/packages/4b/30/6f2fce1f1f205fc9323255b216ca8a235b15860c34b6798f810f05828e32/markupsafe-3.0.3-cp313-cp313t-manylinux_2_31_riscv64.manylinux_2_39_riscv64.whl", hash = "sha256:b8512a91625c9b3da6f127803b166b629725e68af71f8184ae7e7d54686a56d6", size = 23284, upload-time = "2025-09-27T18:36:58.833Z" },
    { url = "https://files.pythonhosted.org/packages/58/47/4a0ccea4ab9f5dcb6f79c0236d954acb382202721e704223a8aafa38b5c8/markupsafe-3.0.3-cp313-cp313t-musllinux_1_2_aarch64.whl", hash = "sha256:9b79b7a16f7fedff2495d684f2b59b0457c3b493778c9eed31111be64d58279f", size = 24801, upload-time = "2025-09-27T18:36:59.739Z" },
    { url = "https://files.pythonhosted.org/packages/6a/70/3780e9b72180b6fecb83a4814d84c3bf4b4ae4bf0b19c27196104149734c/markupsafe-3.0.3-cp313-cp313t-musllinux_1_2_riscv64.whl", hash = "sha256:12c63dfb4a98206f045aa9563db46507995f7ef6d83b2f68eda65c307c6829eb", size = 22769, upload-time = "2025-09-27T18:37:00.719Z" },
    { url = "https://files.pythonhosted.org/packages/98/c5/c03c7f4125180fc215220c035beac6b9cb684bc7a067c84fc69414d315f5/markupsafe-3.0.3-cp313-cp313t-musllinux_1_2_x86_64.whl", hash = "sha256:8f71bc33915be5186016f675cd83a1e08523649b0e33efdb898db577ef5bb009", size = 23642, upload-time = "2025-09-27T18:37:01.673Z" },
    { url = "https://files.pythonhosted.org/packages/80/d6/2d1b89f6ca4bff1036499b1e29a1d02d282259f3681540e16563f27ebc23/markupsafe-3.0.3-cp313-cp313t-win32.whl", hash = "sha256:69c0b73548bc525c8cb9a251cddf1931d1db4d2258e9599c28c07ef3580ef354", size = 14612, upload-time = "2025-09-27T18:37:02.639Z" },
    { url = "https://files.pythonhosted.org/packages/2b/98/e48a4bfba0a0ffcf9925fe2d69240bfaa19c6f7507b8cd09c70684a53c1e/markupsafe-3.0.3-cp313-cp313t-win_amd64.whl", hash = "sha256:1b4b79e8ebf6b55351f0d91fe80f893b4743f104bff22e90697db1590e47a218", size = 15200, upload-time = "2025-09-27T18:37:03.582Z" },
    { url = "https://files.pythonhosted.org/packages/0e/72/e3cc540f351f316e9ed0f092757459afbc595824ca724cbc5a5d4263713f/markupsafe-3.0.3-cp313-cp313t-win_arm64.whl", hash = "sha256:ad2cf8aa28b8c020ab2fc8287b0f823d0a7d8630784c31e9ee5edea20f406287", size = 13973, upload-time = "2025-09-27T18:37:04.929Z" },
]

[[package]]
name = "packaging"
version = "26.3"
source = { registry = "https://pypi.org/simple" }
sdist = { url = "https://files.pythonhosted.org/packages/7d/fa/3944b40b07da9ce895c0e6303a5ab7d53da063554f534556b134a54d6093/packaging-26.3.tar.gz", hash = "sha256:94edc256424af38762eb31306eed28beb9f0efc50a8837492c9d6fd6004aed79", size = 313412, upload-time = "2026-08-04T18:15:28.737Z" }
wheels = [
    { url = "https://files.pythonhosted.org/packages/63/34/ba1c580383c9eada3711951fef0795c80b829a078d72188184bcab9dd527/packaging-26.3-py3-none-any.whl", hash = "sha256:d7193f7c8e4e93f444fde0262bf90af30e16fa0ad0ad44cb553c87339b23cd1c", size = 129956, upload-time = "2026-08-04T18:15:27.159Z" },
]

[[package]]
name = "pillow"
version = "12.3.0"
source = { registry = "https://pypi.org/simple" }
sdist = { url = "https://files.pythonhosted.org/packages/1c/3d/bb7fca845737cf9d7dbde16ed1843984665ff2e0a518f5db43e77ec540b9/pillow-12.3.0.tar.gz", hash = "sha256:3b8182a766685eaa002637e28b4ec8d6b18819a0c71f579bf0dbaa5830297cce", size = 47025035, upload-time = "2026-07-01T11:56:38.965Z" }
wheels = [
    { url = "https://files.pythonhosted.org/packages/9d/ac/31fb64e1e7efb5a4b50cd3d92049ba89ac6e4d8d3bb6a74e15048ca3353e/pillow-12.3.0-cp313-cp313-ios_13_0_arm64_iphoneos.whl", hash = "sha256:21900ce7ba264168cd50defae43cd75d25c833ad4ad6e73ffc5596d12e25ac89", size = 4161684, upload-time = "2026-07-01T11:54:25.934Z" },
    { url = "https://files.pythonhosted.org/packages/87/b4/9805e23d2b4d77842b468513841fda254ee42f0289d25088340e4ff46e2d/pillow-12.3.0-cp313-cp313-ios_13_0_arm64_iphonesimulator.whl", hash = "sha256:4e8c2a84d977f50b9daed6eeaf3baef67d00d5d74d932288f02cb94518ee3ace", size = 4255487, upload-time = "2026-07-01T11:54:27.935Z" },
    { url = "https://files.pythonhosted.org/packages/df/39/ecf519435a200c693fe053a6ee4d835b41cf963a4dfc2551c4e637cb2a71/pillow-12.3.0-cp313-cp313-ios_13_0_x86_64_iphonesimulator.whl", hash = "sha256:ae26d61dfa7a47befdc7572b521024e8745f3d809bd95ca9505a7bba9ef849ec", size = 3696433, upload-time = "2026-07-01T11:54:29.813Z" },
    { url = "https://files.pythonhosted.org/packages/42/92/2fc3ffad878ae8dd5469ec1bc8eb83b71f48e13efdf68f02709003982a32/pillow-12.3.0-cp313-cp313-macosx_10_13_x86_64.whl", hash = "sha256:7a743ff716f746fc19a9557f60dab1600d4613255f8a7aeb3cdde4db7eb15a66", size = 5345889, upload-time = "2026-07-01T11:54:31.97Z" },
    { url = "https://files.pythonhosted.org/packages/10/76/8803c13605b763d33d156c4678fc77f8443389c0c51c8aef707bb02015f4/pillow-12.3.0-cp313-cp313-macosx_11_0_arm64.whl", hash = "sha256:d69141514cc30b774ceea5e3ed3a6635c8d8a96edf664689b890f4089111fb35", size = 4780109, upload-time = "2026-07-01T11:54:34.026Z" },
    { url = "https://files.pythonhosted.org/packages/1f/01/e18aff37cb0b4aac47ac90f016d347a49aca667ef97f190b06ac2aabc928/pillow-12.3.0-cp313-cp313-manylinux_2_27_aarch64.manylinux_2_28_aarch64.whl", hash = "sha256:f7401aebd7f581d7f83a439d87d474999317ee099218e5ad25d125290990ba65", size = 6263736, upload-time = "2026-07-01T11:54:36.131Z" },
    { url = "https://files.pythonhosted.org/packages/f7/62/de5bdd77d935331f4f802edc11e4d82950f642caad6cb2f949837b8560e2/pillow-12.3.0-cp313-cp313-manylinux_2_27_x86_64.manylinux_2_28_x86_64.whl", hash = "sha256:0847a763afefb695bc912d7c131e7e0632d4edc1d8698f58ddabec8e46b8b6d3", size = 6937129, upload-time = "2026-07-01T11:54:38.216Z" },
    { url = "https://files.pythonhosted.org/packages/70/4d/105627a13300c5e0df1d174230b32fd1273062c96f7745fd552b945d1e1d/pillow-12.3.0-cp313-cp313-musllinux_1_2_aarch64.whl", hash = "sha256:571b9fcb07b97ef3a492028fb3d2dc0993ca23a06138b0315286566d29ef718a", size = 6339562, upload-time = "2026-07-01T11:54:40.354Z" },
    { url = "https://files.pythonhosted.org/packages/6b/1d/f13de01a553988ab895ba1c722e06cf3144d4f57656fd5b81b6d881f1179/pillow-12.3.0-cp313-cp313-musllinux_1_2_x86_64.whl", hash = "sha256:756c768d0c9c2955feb7a56c37ea24aea2e369f8d36a88da270b6a9f19e62b5e", size = 7049439, upload-time = "2026-07-01T11:54:42.489Z" },
    { url = "https://files.pythonhosted.org/packages/c9/f9/066794cca041b969964f779ee5fa66a9498bbf34248ac39c5d7954e4198f/pillow-12.3.0-cp313-cp313-win32.whl", hash = "sha256:a876864214e136f0eb367788dbd7df045f4806801518e2cfe9e13229cfe06d8f", size = 6473287, upload-time = "2026-07-01T11:54:44.9Z" },
    { url = "https://files.pythonhosted.org/packages/a6/9b/7a58e61d62be561da3a356fe2384d4059a6345fc130e23ef1c36a5b81d24/pillow-12.3.0-cp313-cp313-win_amd64.whl", hash = "sha256:1cca606cd25738df4ed873d5ad46bbdb3d83b5cbca291f6b4ff13a4df6b0bbe8", size = 7239691, upload-time = "2026-07-01T11:54:47.141Z" },
    { url = "https://files.pythonhosted.org/packages/aa/b0/c4ed4f0ef8f8fa5ee8351537db6650bb8189f7e118842978dd6589065692/pillow-12.3.0-cp313-cp313-win_arm64.whl", hash = "sha256:b629de27fda84b42cde7edef0d85f13b958b47f6e9bbcbba9b673c562a89bd8b", size = 2568185, upload-time = "2026-07-01T11:54:49.137Z" },
]

[[package]]
name = "property-manager"
version = "3.0"
source = { registry = "https://pypi.org/simple" }
dependencies = [
    { name = "humanfriendly" },
    { name = "verboselogs" },
]
sdist = { url = "https://files.pythonhosted.org/packages/2a/fd/5711b49f570916e166ba3e7f7205d43b0fb94b4c3e842545c7be8c6efe32/property-manager-3.0.tar.gz", hash = "sha256:93e76da9ae7af13cccc2cd1e3b47219950c56c125cd962aaed693894af267c54", size = 33736, upload-time = "2020-03-02T01:19:23.174Z" }
wheels = [
    { url = "https://files.pythonhosted.org/packages/b1/9f/be7d2ab00492710007cee08d2577f0176f3cf41c6b769963dc709bbdf653/property_manager-3.0-py2.py3-none-any.whl", hash = "sha256:d5d648053e669cf9cb2f157e4a41ef46174eaa8ee13bfa49e1530c17d65bfe45", size = 23941, upload-time = "2020-03-02T01:19:21.125Z" },
]

[[package]]
name = "pycparser"
version = "3.0"
source = { registry = "https://pypi.org/simple" }
sdist = { url = "https://files.pythonhosted.org/packages/1b/7d/92392ff7815c21062bea51aa7b87d45576f649f16458d78b7cf94b9ab2e6/pycparser-3.0.tar.gz", hash = "sha256:600f49d217304a5902ac3c37e1281c9fe94e4d0489de643a9504c5cdfdfc6b29", size = 103492, upload-time = "2026-01-21T14:26:51.89Z" }
wheels = [
    { url = "https://files.pythonhosted.org/packages/0c/c3/44f3fbbfa403ea2a7c779186dc20772604442dde72947e7d01069cbe98e3/pycparser-3.0-py3-none-any.whl", hash = "sha256:b727414169a36b7d524c1c3e31839a521725078d7b2ff038656844266160a992", size = 48172, upload-time = "2026-01-21T14:26:50.693Z" },
]

[[package]]
name = "pydyf"
version = "0.12.1"
source = { registry = "https://pypi.org/simple" }
sdist = { url = "https://files.pythonhosted.org/packages/36/ee/fb410c5c854b6a081a49077912a9765aeffd8e07cbb0663cfda310b01fb4/pydyf-0.12.1.tar.gz", hash = "sha256:fbd7e759541ac725c29c506612003de393249b94310ea78ae44cb1d04b220095", size = 17716, upload-time = "2025-12-02T14:52:14.244Z" }
wheels = [
    { url = "https://files.pythonhosted.org/packages/22/11/47efe2f66ba848a107adfd490b508f5c0cedc82127950553dca44d29e6c4/pydyf-0.12.1-py3-none-any.whl", hash = "sha256:ea25b4e1fe7911195cb57067560daaa266639184e8335365cc3ee5214e7eaadc", size = 8028, upload-time = "2025-12-02T14:52:12.938Z" },
]

[[package]]
name = "pyphen"
version = "0.18.1"
source = { registry = "https://pypi.org/simple" }
sdist = { url = "https://files.pythonhosted.org/packages/94/47/8430452269cd28863d73b903d07d329d058cf762527ff211b3864ba61fc7/pyphen-0.18.1.tar.gz", hash = "sha256:dbae6fbbe4f01cb206108b43573d857c67107be9d0e38eb1b08d6fa2210634a7", size = 2116411, upload-time = "2026-08-14T11:30:12.083Z" }
wheels = [
    { url = "https://files.pythonhosted.org/packages/ec/1d/23801cf008f71575f0a4800463f349afa5f04b27fe783178a45cdc4d5edf/pyphen-0.18.1-py3-none-any.whl", hash = "sha256:0aa9051e15928cecadd4c632cea0258ba57215b2a197a39baa46abcdb0f47e84", size = 2116143, upload-time = "2026-08-14T11:30:10.428Z" },
]

[[package]]
name = "pyreadline3"
version = "3.5.6"
source = { registry = "https://pypi.org/simple" }
sdist = { url = "https://files.pythonhosted.org/packages/b6/6d/f94028646d7bbe6d9d873c47ee7c246f2d29129d253f0d96cb6fcab70733/pyreadline3-3.5.6.tar.gz", hash = "sha256:61e53218b99656091ddb077df9e71f25850e72e030b6183b39c9b7e6e4f4a9bf", size = 100368, upload-time = "2026-05-14T17:55:04.471Z" }
wheels = [
    { url = "https://files.pythonhosted.org/packages/f7/5e/35c856e186b74678c24927847ad9895a51f1bc02a0c6126477a6c6040064/pyreadline3-3.5.6-py3-none-any.whl", hash = "sha256:8449b734232e42a5dcd74048e39b60db2839a4c38cf3ae2bf7707d58b5389c0d", size = 85243, upload-time = "2026-05-14T17:55:03.262Z" },
]

[[package]]
name = "six"
version = "1.17.0"
source = { registry = "https://pypi.org/simple" }
sdist = { url = "https://files.pythonhosted.org/packages/94/e7/b2c673351809dca68a0e064b6af791aa332cf192da575fd474ed7d6f16a2/six-1.17.0.tar.gz", hash = "sha256:ff70335d468e7eb6ec65b95b99d3a2836546063f63acc5171de367e834932a81", size = 34031, upload-time = "2024-12-04T17:35:28.174Z" }
wheels = [
    { url = "https://files.pythonhosted.org/packages/b7/ce/149a00dd41f10bc29e5921b496af8b574d8413afcd5e30dfa0ed46c2cc5e/six-1.17.0-py2.py3-none-any.whl", hash = "sha256:4721f391ed90541fddacab5acf947aa0d3dc7d27b2e1e8eda2be8970586c3274", size = 11050, upload-time = "2024-12-04T17:35:26.475Z" },
]

[[package]]
name = "tinycss2"
version = "1.5.1"
source = { registry = "https://pypi.org/simple" }
dependencies = [
    { name = "webencodings" },
]
sdist = { url = "https://files.pythonhosted.org/packages/a3/ae/2ca4913e5c0f09781d75482874c3a95db9105462a92ddd303c7d285d3df2/tinycss2-1.5.1.tar.gz", hash = "sha256:d339d2b616ba90ccce58da8495a78f46e55d4d25f9fd71dfd526f07e7d53f957", size = 88195, upload-time = "2025-11-23T10:29:10.082Z" }
wheels = [
    { url = "https://files.pythonhosted.org/packages/60/45/c7b5c3168458db837e8ceab06dc77824e18202679d0463f0e8f002143a97/tinycss2-1.5.1-py3-none-any.whl", hash = "sha256:3415ba0f5839c062696996998176c4a3751d18b7edaaeeb658c9ce21ec150661", size = 28404, upload-time = "2025-11-23T10:29:08.676Z" },
]

[[package]]
name = "tinyhtml5"
version = "2.1.0"
source = { registry = "https://pypi.org/simple" }
dependencies = [
    { name = "webencodings" },
]
sdist = { url = "https://files.pythonhosted.org/packages/b1/1f/cfe2f6b30557c92b3f31d41707e09cef5c1efbd87392bc6c0430c46b0e4d/tinyhtml5-2.1.0.tar.gz", hash = "sha256:60a50ec3d938a37e491efa01af895853060943dcebb5627de5b10d188b338a67", size = 179242, upload-time = "2026-03-05T17:06:30.704Z" }
wheels = [
    { url = "https://files.pythonhosted.org/packages/52/48/01695a036b695f83fea7aef6955d735db0f517b1c8e25ddb399ac0bdbcbf/tinyhtml5-2.1.0-py3-none-any.whl", hash = "sha256:6e11cfff38515834268daf89d5f85bbde0b6dd02e8d9e212d1385c2289b89f0a", size = 39686, upload-time = "2026-03-05T17:06:28.498Z" },
]

[[package]]
name = "verboselogs"
version = "1.7"
source = { registry = "https://pypi.org/simple" }
sdist = { url = "https://files.pythonhosted.org/packages/29/15/90ffe9bdfdd1e102bc6c21b1eea755d34e69772074b6e706cab741b9b698/verboselogs-1.7.tar.gz", hash = "sha256:e33ddedcdfdafcb3a174701150430b11b46ceb64c2a9a26198c76a156568e427", size = 10338, upload-time = "2017-08-07T19:46:16.674Z" }
wheels = [
    { url = "https://files.pythonhosted.org/packages/b8/9d/c5c3cb0093642042fd604b53928ac65e7650fdc5a8a97814288e29beab84/verboselogs-1.7-py2.py3-none-any.whl", hash = "sha256:d63f23bf568295b95d3530c6864a0b580cec70e7ff974177dead1e4ffbc6ff49", size = 11907, upload-time = "2017-08-07T19:46:15.266Z" },
]

[[package]]
name = "weasyprint"
version = "70.0"
source = { registry = "https://pypi.org/simple" }
dependencies = [
    { name = "cffi" },
    { name = "cssselect2" },
    { name = "fonttools", extra = ["woff"] },
    { name = "pillow" },
    { name = "pydyf" },
    { name = "pyphen" },
    { name = "tinycss2" },
    { name = "tinyhtml5" },
]
sdist = { url = "https://files.pythonhosted.org/packages/8d/0e/461aeb736762862b511034933d5b98d68f812431b7393b026d9ace5f6b42/weasyprint-70.0.tar.gz", hash = "sha256:c263abf0e86c747b12af678b67f85f4abbfb97d18a20503031e7ba94e4b8cf8c", size = 1565482, upload-time = "2026-09-08T12:25:41.484Z" }
wheels = [
    { url = "https://files.pythonhosted.org/packages/22/8b/0c53c869f29d3273536b896dd17f092549e34e35ffba4c7a60a6de1cb1c2/weasyprint-70.0-py3-none-any.whl", hash = "sha256:5043e55e38d2a2af2b2b871e869697b1f65dad5f8b4a3677961d04ceacf9c5fe", size = 328889, upload-time = "2026-09-08T12:25:39.796Z" },
]

[[package]]
name = "webencodings"
version = "0.6.1"
source = { registry = "https://pypi.org/simple" }
sdist = { url = "https://files.pythonhosted.org/packages/d5/a0/8fd707bcb776a7be556bad06a2ea5fb9bd519df78ef8e26f70ccf0f38bff/webencodings-0.6.1.tar.gz", hash = "sha256:565f9ad031c702dae404e27a099e3e09186a3ab1b9520f06d215502b651fd910", size = 15001, upload-time = "2026-08-15T14:22:57.549Z" }
wheels = [
    { url = "https://files.pythonhosted.org/packages/77/c6/040cbc72480d789a5f40d63fb484d3106554c4dfa2d2b70ad5022057750f/webencodings-0.6.1-py3-none-any.whl", hash = "sha256:7fab6269c8bf237c657876b52058ccb182e861518d1c695c1a9aaa8c1c105d5b", size = 8745, upload-time = "2026-08-15T14:22:56.31Z" },
]

[[package]]
name = "werkzeug"
version = "3.1.8"
source = { registry = "https://pypi.org/simple" }
dependencies = [
    { name = "markupsafe" },
]
sdist = { url = "https://files.pythonhosted.org/packages/dd/b2/381be8cfdee792dd117872481b6e378f85c957dd7c5bca38897b08f765fd/werkzeug-3.1.8.tar.gz", hash = "sha256:9bad61a4268dac112f1c5cd4630a56ede601b6ed420300677a869083d70a4c44", size = 875852, upload-time = "2026-04-02T18:49:14.268Z" }
wheels = [
    { url = "https://files.pythonhosted.org/packages/93/8c/2e650f2afeb7ee576912636c23ddb621c91ac6a98e66dc8d29c3c69446e1/werkzeug-3.1.8-py3-none-any.whl", hash = "sha256:63a77fb8892bf28ebc3178683445222aa500e48ebad5ec77b0ad80f8726b1f50", size = 226459, upload-time = "2026-04-02T18:49:12.72Z" },
]

[[package]]
name = "zopfli"
version = "0.4.3"
source = { registry = "https://pypi.org/simple" }
sdist = { url = "https://files.pythonhosted.org/packages/74/21/3b6af43a663b22b00e738bb0642931a2579e15da6852613d56c6aa535d28/zopfli-0.4.3.tar.gz", hash = "sha256:d3a50f91a13cea9bafe025de8fd87a005eb26de02a4f0c193127ddbf23ac8ebe", size = 179156, upload-time = "2026-06-10T09:10:19.96Z" }
wheels = [
    { url = "https://files.pythonhosted.org/packages/a5/5f/b7d81b670daf990e15a0f7551da96c3c0700f69ae6d96b0245d6a19f51f3/zopfli-0.4.3-cp310-abi3-macosx_10_9_universal2.whl", hash = "sha256:88f4fbe429aad72bc206275d81fab11a097e0f951a5848d1f51083c37ea73073", size = 291492, upload-time = "2026-06-10T09:10:06.621Z" },
    { url = "https://files.pythonhosted.org/packages/55/c8/d8d8d731e0b192024567b7198fb77b748821d355f3c8bf0109de27191f43/zopfli-0.4.3-cp310-abi3-manylinux2014_x86_64.manylinux_2_17_x86_64.whl", hash = "sha256:769875152d0625c46707bcca57d4b2233fe653482067acd55fbf6ec525cb9bdc", size = 829354, upload-time = "2026-06-10T09:10:07.909Z" },
    { url = "https://files.pythonhosted.org/packages/0e/2b/fbe8ba2ec40f5986b8983a4752f7a32672a80a10ea6e68213324a7055469/zopfli-0.4.3-cp310-abi3-manylinux_2_24_aarch64.manylinux_2_28_aarch64.whl", hash = "sha256:eb0c9c1d40a8cb1d58762d7e57290ccb753e0828c4d01be8acb59aae5d0ca206", size = 818436, upload-time = "2026-06-10T09:10:09.063Z" },
    { url = "https://files.pythonhosted.org/packages/de/d9/63568c54c8b68b9135f3456c5add83797a5528d596657f0e4f4910173b08/zopfli-0.4.3-cp310-abi3-musllinux_1_2_aarch64.whl", hash = "sha256:7fa3c35193475290e3f007bbcdebdbae64ba2f012d75c632da0d727e1da50d5e", size = 1778931, upload-time = "2026-06-10T09:10:10.282Z" },
    { url = "https://files.pythonhosted.org/packages/7a/05/8f3aac10a858e89c2146d3a1f6ce33634c3db757365b4148fef1b85784d2/zopfli-0.4.3-cp310-abi3-musllinux_1_2_x86_64.whl", hash = "sha256:47604eee5c6704bdf0e94d8391fe3b74ddb2abd84128fbcfdc3ee0fc265feaef", size = 1864132, upload-time = "2026-06-10T09:10:11.595Z" },
    { url = "https://files.pythonhosted.org/packages/8d/20/9ca59d14b91f9fbc631793b4b085b309777edadaca496aa518a180817827/zopfli-0.4.3-cp310-abi3-win32.whl", hash = "sha256:628c3e941752880b3491db8d44163d0aedb221944e22a17187ff7fc549b050f6", size = 271715, upload-time = "2026-06-10T09:10:12.7Z" },
    { url = "https://files.pythonhosted.org/packages/9d/3a/4ff4fdead77ef30f5832b38a47eb7a1283e98b3c678576b83f8fdfff53eb/zopfli-0.4.3-cp310-abi3-win_amd64.whl", hash = "sha256:921c2c9907f4364963848da5ad194b46d68865e07fdb975d04fd09bc42d47357", size = 288550, upload-time = "2026-06-10T09:10:13.639Z" },
    { url = "https://files.pythonhosted.org/packages/e6/44/6264f929057236fde72dd6d271f54612b4811ce37288e002f5d5339d696a/zopfli-0.4.3-cp310-abi3-win_arm64.whl", hash = "sha256:7e9703ca6e7ef66c8d05e0826b6f558b680c9db8206f84f05a3ee93430a12e42", size = 451343, upload-time = "2026-06-10T09:10:14.72Z" },
]
